// !$*UTF8*$!
{
	archiveVersion = 1;
	classes = {
	};
	objectVersion = 48;
	objects = {

/* Begin PBXBuildFile section */
		3D0E5C481FAAC22400CC8828 /* WeiShareController.m in Sources */ = {isa = PBXBuildFile; fileRef = 3D0E5C461FAAC22400CC8828 /* WeiShareController.m */; };
		3D0E5C491FAAC22400CC8828 /* WeiShareController.xib in Resources */ = {isa = PBXBuildFile; fileRef = 3D0E5C471FAAC22400CC8828 /* WeiShareController.xib */; };
		3D0E5C4C1FAAFA7E00CC8828 /* ChoosePhotoController.m in Sources */ = {isa = PBXBuildFile; fileRef = 3D0E5C4B1FAAFA7E00CC8828 /* ChoosePhotoController.m */; };
		3D1CFB601F9EEA1600D88608 /* GroupDetailsTableViewController.m in Sources */ = {isa = PBXBuildFile; fileRef = 3D1CFB5F1F9EEA1600D88608 /* GroupDetailsTableViewController.m */; };
		3D1CFB631F9F19E500D88608 /* STBTopView.m in Sources */ = {isa = PBXBuildFile; fileRef = 3D1CFB621F9F19E500D88608 /* STBTopView.m */; };
		3D1CFB651F9F19FE00D88608 /* STBTopView.xib in Resources */ = {isa = PBXBuildFile; fileRef = 3D1CFB641F9F19FE00D88608 /* STBTopView.xib */; };
		3D1CFB681F9F1F4900D88608 /* STBButtonView.m in Sources */ = {isa = PBXBuildFile; fileRef = 3D1CFB671F9F1F4900D88608 /* STBButtonView.m */; };
		3D1CFB6D1F9F23C400D88608 /* STBButtonView.xib in Resources */ = {isa = PBXBuildFile; fileRef = 3D1CFB6C1F9F23C400D88608 /* STBButtonView.xib */; };
		3D2C05281F99D41100AAE921 /* SettingTableViewController.m in Sources */ = {isa = PBXBuildFile; fileRef = 3D2C05271F99D41100AAE921 /* SettingTableViewController.m */; };
		3D2C70B61FAC108B00C662F5 /* ScreenShotController.m in Sources */ = {isa = PBXBuildFile; fileRef = 3D2C70B41FAC108B00C662F5 /* ScreenShotController.m */; };
		3D2C70B71FAC108B00C662F5 /* ScreenShotController.xib in Resources */ = {isa = PBXBuildFile; fileRef = 3D2C70B51FAC108B00C662F5 /* ScreenShotController.xib */; };
		3D353DD01FB56AC500B33A0B /* ZCZLabel.m in Sources */ = {isa = PBXBuildFile; fileRef = 3D353DCF1FB56AC500B33A0B /* ZCZLabel.m */; };
		3D6CB2F81F959ABB00B326FC /* EPGRightTableViewCell.m in Sources */ = {isa = PBXBuildFile; fileRef = 3D6CB2F61F959ABB00B326FC /* EPGRightTableViewCell.m */; };
		3D6CB2F91F959ABC00B326FC /* EPGRightTableViewCell.xib in Resources */ = {isa = PBXBuildFile; fileRef = 3D6CB2F71F959ABB00B326FC /* EPGRightTableViewCell.xib */; };
		3D6F80442003193E00C08E73 /* ZCZPickView.m in Sources */ = {isa = PBXBuildFile; fileRef = 3D6F80432003193E00C08E73 /* ZCZPickView.m */; };
		3D6F8045200354FD00C08E73 /* area.plist in Sources */ = {isa = PBXBuildFile; fileRef = 3DDD18421F7B53DC00ADC124 /* area.plist */; };
		3D6F80482005C44B00C08E73 /* ZCZTipsView.m in Sources */ = {isa = PBXBuildFile; fileRef = 3D6F80472005C44B00C08E73 /* ZCZTipsView.m */; };
		3D7CCCFE1F948BB0002D59A7 /* HelpViewController.m in Sources */ = {isa = PBXBuildFile; fileRef = 3D7CCCFD1F948BB0002D59A7 /* HelpViewController.m */; };
		3D7CCD021F949233002D59A7 /* ManualInputViewController.m in Sources */ = {isa = PBXBuildFile; fileRef = 3D7CCD001F949233002D59A7 /* ManualInputViewController.m */; };
		3D7CCD051F94931C002D59A7 /* ManualInputViewController.xib in Resources */ = {isa = PBXBuildFile; fileRef = 3D7CCD041F94931C002D59A7 /* ManualInputViewController.xib */; };
		3D7CCD081F9496B1002D59A7 /* BindPhoneNumberController.m in Sources */ = {isa = PBXBuildFile; fileRef = 3D7CCD071F9496B1002D59A7 /* BindPhoneNumberController.m */; };
		3D7CCD0A1F9496CA002D59A7 /* BindPhoneNumberController.xib in Resources */ = {isa = PBXBuildFile; fileRef = 3D7CCD091F9496CA002D59A7 /* BindPhoneNumberController.xib */; };
		3D7CCD0E1F949895002D59A7 /* SetPasswordController.m in Sources */ = {isa = PBXBuildFile; fileRef = 3D7CCD0C1F949895002D59A7 /* SetPasswordController.m */; };
		3D7CCD0F1F949895002D59A7 /* SetPasswordController.xib in Resources */ = {isa = PBXBuildFile; fileRef = 3D7CCD0D1F949895002D59A7 /* SetPasswordController.xib */; };
		3D7CCD131F9499CF002D59A7 /* SetDetailsController.m in Sources */ = {isa = PBXBuildFile; fileRef = 3D7CCD111F9499CF002D59A7 /* SetDetailsController.m */; };
		3D7CCD141F9499CF002D59A7 /* SetDetailsController.xib in Resources */ = {isa = PBXBuildFile; fileRef = 3D7CCD121F9499CF002D59A7 /* SetDetailsController.xib */; };
		3D8B12C21FB035DD00473D79 /* SearchController.m in Sources */ = {isa = PBXBuildFile; fileRef = 3D8B12C11FB035DD00473D79 /* SearchController.m */; };
		3D8B12C61FB160FE00473D79 /* SearchResultsTableViewCell.m in Sources */ = {isa = PBXBuildFile; fileRef = 3D8B12C41FB0424F00473D79 /* SearchResultsTableViewCell.m */; };
		3D8B12C71FB1A6C800473D79 /* SearchResultsTableViewCell.xib in Sources */ = {isa = PBXBuildFile; fileRef = 3D8B12C31FB0424F00473D79 /* SearchResultsTableViewCell.xib */; };
		3DA2E5291FB3F38100BF51B3 /* HistoryCollectionViewCell.m in Sources */ = {isa = PBXBuildFile; fileRef = 3DA2E5271FB3F38100BF51B3 /* HistoryCollectionViewCell.m */; };
		3DA2E52A1FB3F38100BF51B3 /* HistoryCollectionViewCell.xib in Resources */ = {isa = PBXBuildFile; fileRef = 3DA2E5281FB3F38100BF51B3 /* HistoryCollectionViewCell.xib */; };
		3DA2E52E1FB4340A00BF51B3 /* HistoryCollectionReusableView.m in Sources */ = {isa = PBXBuildFile; fileRef = 3DA2E52C1FB4340A00BF51B3 /* HistoryCollectionReusableView.m */; };
		3DA2E52F1FB4340A00BF51B3 /* HistoryCollectionReusableView.xib in Resources */ = {isa = PBXBuildFile; fileRef = 3DA2E52D1FB4340A00BF51B3 /* HistoryCollectionReusableView.xib */; };
		3DA35CDB1FF0CD1600C64620 /* AlipaySDK.bundle in Resources */ = {isa = PBXBuildFile; fileRef = 3DA35CD91FF0CD1600C64620 /* AlipaySDK.bundle */; };
		3DA35CDC1FF0CD1600C64620 /* AlipaySDK.framework in Frameworks */ = {isa = PBXBuildFile; fileRef = 3DA35CDA1FF0CD1600C64620 /* AlipaySDK.framework */; };
		3DA35CDE1FF0CD9000C64620 /* libc++.tbd in Frameworks */ = {isa = PBXBuildFile; fileRef = 3DA35CDD1FF0CD9000C64620 /* libc++.tbd */; };
		3DA35CE01FF0CDA100C64620 /* libz.tbd in Frameworks */ = {isa = PBXBuildFile; fileRef = 3DA35CDF1FF0CDA100C64620 /* libz.tbd */; };
		3DA35CE41FF0CDF300C64620 /* QuartzCore.framework in Frameworks */ = {isa = PBXBuildFile; fileRef = 3DA35CE31FF0CDE500C64620 /* QuartzCore.framework */; };
		3DA35CE51FF0CE2600C64620 /* SystemConfiguration.framework in Frameworks */ = {isa = PBXBuildFile; fileRef = 3DA35CE11FF0CDB600C64620 /* SystemConfiguration.framework */; };
		3DA35CE61FF0CE4B00C64620 /* CoreTelephony.framework in Frameworks */ = {isa = PBXBuildFile; fileRef = 3DA35CE21FF0CDD500C64620 /* CoreTelephony.framework */; };
		3DA35CE81FF0CE6F00C64620 /* CoreText.framework in Frameworks */ = {isa = PBXBuildFile; fileRef = 3DA35CE71FF0CE5F00C64620 /* CoreText.framework */; };
		3DA35CEA1FF0CE8200C64620 /* CoreGraphics.framework in Frameworks */ = {isa = PBXBuildFile; fileRef = 3DA35CE91FF0CE7900C64620 /* CoreGraphics.framework */; };
		3DA35CEC1FF0CE9D00C64620 /* UIKit.framework in Frameworks */ = {isa = PBXBuildFile; fileRef = 3DA35CEB1FF0CE9400C64620 /* UIKit.framework */; };
		3DA35CEE1FF0CEB400C64620 /* Foundation.framework in Frameworks */ = {isa = PBXBuildFile; fileRef = 3DA35CED1FF0CEA500C64620 /* Foundation.framework */; };
		3DA35CF01FF0CECB00C64620 /* CFNetwork.framework in Frameworks */ = {isa = PBXBuildFile; fileRef = 3DA35CEF1FF0CEC100C64620 /* CFNetwork.framework */; };
		3DA35CF21FF0CEEA00C64620 /* CoreMotion.framework in Frameworks */ = {isa = PBXBuildFile; fileRef = 3DA35CF11FF0CEE100C64620 /* CoreMotion.framework */; };
		3DA35CF51FF493EE00C64620 /* tableViewHeaderView.m in Sources */ = {isa = PBXBuildFile; fileRef = 3DA35CF41FF493ED00C64620 /* tableViewHeaderView.m */; };
		3DA35CF71FF4941000C64620 /* tableViewHeaderView.xib in Resources */ = {isa = PBXBuildFile; fileRef = 3DA35CF61FF4941000C64620 /* tableViewHeaderView.xib */; };
		3DA722141FC3D0DA000DD9E3 /* FiltersController.m in Sources */ = {isa = PBXBuildFile; fileRef = 3DA722121FC3D0DA000DD9E3 /* FiltersController.m */; };
		3DA722191FC3D4AE000DD9E3 /* FilterCollectionViewCell.m in Sources */ = {isa = PBXBuildFile; fileRef = 3DA722171FC3D4AE000DD9E3 /* FilterCollectionViewCell.m */; };
		3DA7221A1FC3D4AE000DD9E3 /* FilterCollectionViewCell.xib in Resources */ = {isa = PBXBuildFile; fileRef = 3DA722181FC3D4AE000DD9E3 /* FilterCollectionViewCell.xib */; };
		3DA7221D1FC665B2000DD9E3 /* BasicViewController.m in Sources */ = {isa = PBXBuildFile; fileRef = 3DA7221C1FC665B2000DD9E3 /* BasicViewController.m */; };
		3DAA7BC21FBD76E6005FB4EE /* ProcessImageController.m in Sources */ = {isa = PBXBuildFile; fileRef = 3DAA7BC01FBD76E6005FB4EE /* ProcessImageController.m */; };
		3DAA7BC31FBD76E6005FB4EE /* ProcessImageController.xib in Resources */ = {isa = PBXBuildFile; fileRef = 3DAA7BC11FBD76E6005FB4EE /* ProcessImageController.xib */; };
		3DAAD2F81F7B75F100C91E5C /* MyTabbarViewController.m in Sources */ = {isa = PBXBuildFile; fileRef = 3DDD18391F7B53D200ADC124 /* MyTabbarViewController.m */; };
		3DAAD2F91F7B75FF00C91E5C /* CommonCtr.m in Sources */ = {isa = PBXBuildFile; fileRef = 3DDD18461F7B53DC00ADC124 /* CommonCtr.m */; };
		3DAAD2FA1F7B76D200C91E5C /* AddressCell.m in Sources */ = {isa = PBXBuildFile; fileRef = 3DDD183C1F7B53DC00ADC124 /* AddressCell.m */; };
		3DAAD2FC1F7B76D200C91E5C /* AlertStateView.m in Sources */ = {isa = PBXBuildFile; fileRef = 3DDD18401F7B53DC00ADC124 /* AlertStateView.m */; };
		3DAAD2FD1F7B76D200C91E5C /* AreaObject.m in Sources */ = {isa = PBXBuildFile; fileRef = 3DDD18441F7B53DC00ADC124 /* AreaObject.m */; };
		3DAAD2FE1F7B76D200C91E5C /* CSReachability.m in Sources */ = {isa = PBXBuildFile; fileRef = 3DDD18481F7B53DC00ADC124 /* CSReachability.m */; };
		3DAAD2FF1F7B76D200C91E5C /* CustomTextField.m in Sources */ = {isa = PBXBuildFile; fileRef = 3DDD184A1F7B53DC00ADC124 /* CustomTextField.m */; };
		3DAAD3011F7B76D200C91E5C /* LoadReturnModel.m in Sources */ = {isa = PBXBuildFile; fileRef = 3DDD184E1F7B53DC00ADC124 /* LoadReturnModel.m */; };
		3DAAD3021F7B76D200C91E5C /* LYNetworkManager.m in Sources */ = {isa = PBXBuildFile; fileRef = 3DDD18501F7B53DC00ADC124 /* LYNetworkManager.m */; };
		3DAAD3041F7B76D200C91E5C /* ReturnModel.m in Sources */ = {isa = PBXBuildFile; fileRef = 3DDD18551F7B53DC00ADC124 /* ReturnModel.m */; };
		3DAAD3051F7B76D200C91E5C /* SingleColor.m in Sources */ = {isa = PBXBuildFile; fileRef = 3DDD18571F7B53DC00ADC124 /* SingleColor.m */; };
		3DAAD3071F7B76FC00C91E5C /* Reachability.m in Sources */ = {isa = PBXBuildFile; fileRef = 3DE214AA1F7B71C90076FCD6 /* Reachability.m */; };
		3DAAD30A1F7B8C7E00C91E5C /* TabbarConfig.plist in Sources */ = {isa = PBXBuildFile; fileRef = 3DE214941F7B6FC70076FCD6 /* TabbarConfig.plist */; };
		3DAB4A921FE35E9F0038741C /* ZCZNavigationController.m in Sources */ = {isa = PBXBuildFile; fileRef = 3DAB4A911FE35E9F0038741C /* ZCZNavigationController.m */; };
		3DAF61B71F909D9B00BFA888 /* LoadOnVC.m in Sources */ = {isa = PBXBuildFile; fileRef = 3DBB20FD1F8F4B9A008B1B87 /* LoadOnVC.m */; };
		3DB8D9F91F94583A0076B7D3 /* QRScanViewController.m in Sources */ = {isa = PBXBuildFile; fileRef = 3DB8D9F71F94583A0076B7D3 /* QRScanViewController.m */; };
		3DB8D9FA1F94583A0076B7D3 /* UIView+QREasyFrame.m in Sources */ = {isa = PBXBuildFile; fileRef = 3DB8D9F81F94583A0076B7D3 /* UIView+QREasyFrame.m */; };
		3DB93C6B1F974CC700AA90B2 /* ChatGroupController.m in Sources */ = {isa = PBXBuildFile; fileRef = 3DB93C6A1F974CC700AA90B2 /* ChatGroupController.m */; };
		3DB93C6E1F98836700AA90B2 /* HeaderCell.m in Sources */ = {isa = PBXBuildFile; fileRef = 3DB93C6D1F98836700AA90B2 /* HeaderCell.m */; };
		3DB93C711F98859000AA90B2 /* CommonTableViewCell.m in Sources */ = {isa = PBXBuildFile; fileRef = 3DB93C6F1F98858F00AA90B2 /* CommonTableViewCell.m */; };
		3DB93C741F99964C00AA90B2 /* FamilyMembersController.m in Sources */ = {isa = PBXBuildFile; fileRef = 3DB93C731F99964C00AA90B2 /* FamilyMembersController.m */; };
		3DB93C781F999D1200AA90B2 /* MembersTableViewCell.m in Sources */ = {isa = PBXBuildFile; fileRef = 3DB93C761F999D1200AA90B2 /* MembersTableViewCell.m */; };
		3DB93C791F999D1200AA90B2 /* MembersTableViewCell.xib in Resources */ = {isa = PBXBuildFile; fileRef = 3DB93C771F999D1200AA90B2 /* MembersTableViewCell.xib */; };
		3DBB21251F8F536A008B1B87 /* AlertStateView.xib in Sources */ = {isa = PBXBuildFile; fileRef = 3DDD18411F7B53DC00ADC124 /* AlertStateView.xib */; };
		3DBB21261F8F53DB008B1B87 /* LoadOnVC.xib in Sources */ = {isa = PBXBuildFile; fileRef = 3DBB20FC1F8F4B99008B1B87 /* LoadOnVC.xib */; };
		3DDD18231F7B53A400ADC124 /* AppDelegate.m in Sources */ = {isa = PBXBuildFile; fileRef = 3DDD18221F7B53A400ADC124 /* AppDelegate.m */; };
		3DDD182B1F7B53A400ADC124 /* Assets.xcassets in Resources */ = {isa = PBXBuildFile; fileRef = 3DDD182A1F7B53A400ADC124 /* Assets.xcassets */; };
		3DDD182E1F7B53A400ADC124 /* LaunchScreen.storyboard in Resources */ = {isa = PBXBuildFile; fileRef = 3DDD182C1F7B53A400ADC124 /* LaunchScreen.storyboard */; };
		3DDD18311F7B53A400ADC124 /* main.m in Sources */ = {isa = PBXBuildFile; fileRef = 3DDD18301F7B53A400ADC124 /* main.m */; };
		3DE214971F7B70850076FCD6 /* CenterViewController.m in Sources */ = {isa = PBXBuildFile; fileRef = 3DE214961F7B70850076FCD6 /* CenterViewController.m */; };
		3DE2149A1F7B70A90076FCD6 /* MyAppController.m in Sources */ = {isa = PBXBuildFile; fileRef = 3DE214991F7B70A90076FCD6 /* MyAppController.m */; };
		3DE2149D1F7B70B80076FCD6 /* LiveController.m in Sources */ = {isa = PBXBuildFile; fileRef = 3DE2149C1F7B70B80076FCD6 /* LiveController.m */; };
		3DE214A01F7B70C60076FCD6 /* VODController.m in Sources */ = {isa = PBXBuildFile; fileRef = 3DE2149F1F7B70C60076FCD6 /* VODController.m */; };
		3DE214A31F7B70D10076FCD6 /* MyController.m in Sources */ = {isa = PBXBuildFile; fileRef = 3DE214A21F7B70D10076FCD6 /* MyController.m */; };
		3DE214A61F7B70DE0076FCD6 /* MyBoxController.m in Sources */ = {isa = PBXBuildFile; fileRef = 3DE214A51F7B70DE0076FCD6 /* MyBoxController.m */; };
		3DF04B9C1FCE4F11009C5D2A /* ZCZMoviePlayerController.m in Sources */ = {isa = PBXBuildFile; fileRef = 3DF04B9B1FCE4F11009C5D2A /* ZCZMoviePlayerController.m */; };
		3DF04BA11FCE5DA5009C5D2A /* ZCZProgressBar.m in Sources */ = {isa = PBXBuildFile; fileRef = 3DF04BA01FCE5DA5009C5D2A /* ZCZProgressBar.m */; };
		3DF04BA31FCE5DB8009C5D2A /* ZCZProgressBar.xib in Resources */ = {isa = PBXBuildFile; fileRef = 3DF04BA21FCE5DB8009C5D2A /* ZCZProgressBar.xib */; };
		3DF04BA61FCE7D3A009C5D2A /* ZCZSlider.m in Sources */ = {isa = PBXBuildFile; fileRef = 3DF04BA51FCE7D3A009C5D2A /* ZCZSlider.m */; };
		3DF04BAD1FCFD594009C5D2A /* UIView+Frame.m in Sources */ = {isa = PBXBuildFile; fileRef = 3DF04BAC1FCFD594009C5D2A /* UIView+Frame.m */; };
		3DF409BA1FE8F5F7003BACE0 /* ZCZHeaderBar.m in Sources */ = {isa = PBXBuildFile; fileRef = 3DF409B91FE8F5F7003BACE0 /* ZCZHeaderBar.m */; };
		3DF409BC1FE8F618003BACE0 /* ZCZHeaderBar.xib in Resources */ = {isa = PBXBuildFile; fileRef = 3DF409BB1FE8F618003BACE0 /* ZCZHeaderBar.xib */; };
		3DF9B656200CA00600C8587D /* SetVC.m in Sources */ = {isa = PBXBuildFile; fileRef = 3DF9B655200CA00500C8587D /* SetVC.m */; };
		3DF9B659200CA03000C8587D /* NSString+calculate.m in Sources */ = {isa = PBXBuildFile; fileRef = 3DF9B658200CA03000C8587D /* NSString+calculate.m */; };
		3DF9B65C200CA07300C8587D /* My_ReuseCllTableViewCell.m in Sources */ = {isa = PBXBuildFile; fileRef = 3DF9B65A200CA07200C8587D /* My_ReuseCllTableViewCell.m */; };
		6DCAEF00024144BF370DDF5B /* libPods-GuoAnGSApp.a in Frameworks */ = {isa = PBXBuildFile; fileRef = FECF191D9A5EA27E310E2E73 /* libPods-GuoAnGSApp.a */; };
/* End PBXBuildFile section */

/* Begin PBXFileReference section */
		05E19051C8CF18A421A0503A /* Pods-GuoAnGSApp.release.xcconfig */ = {isa = PBXFileReference; includeInIndex = 1; lastKnownFileType = text.xcconfig; name = "Pods-GuoAnGSApp.release.xcconfig"; path = "Pods/Target Support Files/Pods-GuoAnGSApp/Pods-GuoAnGSApp.release.xcconfig"; sourceTree = "<group>"; };
		3D0E5C451FAAC22400CC8828 /* WeiShareController.h */ = {isa = PBXFileReference; lastKnownFileType = sourcecode.c.h; path = WeiShareController.h; sourceTree = "<group>"; };
		3D0E5C461FAAC22400CC8828 /* WeiShareController.m */ = {isa = PBXFileReference; lastKnownFileType = sourcecode.c.objc; path = WeiShareController.m; sourceTree = "<group>"; };
		3D0E5C471FAAC22400CC8828 /* WeiShareController.xib */ = {isa = PBXFileReference; lastKnownFileType = file.xib; path = WeiShareController.xib; sourceTree = "<group>"; };
		3D0E5C4A1FAAFA7E00CC8828 /* ChoosePhotoController.h */ = {isa = PBXFileReference; lastKnownFileType = sourcecode.c.h; path = ChoosePhotoController.h; sourceTree = "<group>"; };
		3D0E5C4B1FAAFA7E00CC8828 /* ChoosePhotoController.m */ = {isa = PBXFileReference; lastKnownFileType = sourcecode.c.objc; path = ChoosePhotoController.m; sourceTree = "<group>"; };
		3D1CFB5E1F9EEA1600D88608 /* GroupDetailsTableViewController.h */ = {isa = PBXFileReference; lastKnownFileType = sourcecode.c.h; path = GroupDetailsTableViewController.h; sourceTree = "<group>"; };
		3D1CFB5F1F9EEA1600D88608 /* GroupDetailsTableViewController.m */ = {isa = PBXFileReference; lastKnownFileType = sourcecode.c.objc; path = GroupDetailsTableViewController.m; sourceTree = "<group>"; };
		3D1CFB611F9F19E500D88608 /* STBTopView.h */ = {isa = PBXFileReference; lastKnownFileType = sourcecode.c.h; path = STBTopView.h; sourceTree = "<group>"; };
		3D1CFB621F9F19E500D88608 /* STBTopView.m */ = {isa = PBXFileReference; lastKnownFileType = sourcecode.c.objc; path = STBTopView.m; sourceTree = "<group>"; };
		3D1CFB641F9F19FE00D88608 /* STBTopView.xib */ = {isa = PBXFileReference; lastKnownFileType = file.xib; path = STBTopView.xib; sourceTree = "<group>"; };
		3D1CFB661F9F1F4900D88608 /* STBButtonView.h */ = {isa = PBXFileReference; lastKnownFileType = sourcecode.c.h; path = STBButtonView.h; sourceTree = "<group>"; };
		3D1CFB671F9F1F4900D88608 /* STBButtonView.m */ = {isa = PBXFileReference; lastKnownFileType = sourcecode.c.objc; path = STBButtonView.m; sourceTree = "<group>"; };
		3D1CFB6C1F9F23C400D88608 /* STBButtonView.xib */ = {isa = PBXFileReference; lastKnownFileType = file.xib; path = STBButtonView.xib; sourceTree = "<group>"; };
		3D2C05261F99D41100AAE921 /* SettingTableViewController.h */ = {isa = PBXFileReference; lastKnownFileType = sourcecode.c.h; path = SettingTableViewController.h; sourceTree = "<group>"; };
		3D2C05271F99D41100AAE921 /* SettingTableViewController.m */ = {isa = PBXFileReference; lastKnownFileType = sourcecode.c.objc; path = SettingTableViewController.m; sourceTree = "<group>"; };
		3D2C70B31FAC108B00C662F5 /* ScreenShotController.h */ = {isa = PBXFileReference; lastKnownFileType = sourcecode.c.h; path = ScreenShotController.h; sourceTree = "<group>"; };
		3D2C70B41FAC108B00C662F5 /* ScreenShotController.m */ = {isa = PBXFileReference; lastKnownFileType = sourcecode.c.objc; path = ScreenShotController.m; sourceTree = "<group>"; };
		3D2C70B51FAC108B00C662F5 /* ScreenShotController.xib */ = {isa = PBXFileReference; lastKnownFileType = file.xib; path = ScreenShotController.xib; sourceTree = "<group>"; };
		3D353DCE1FB56AC500B33A0B /* ZCZLabel.h */ = {isa = PBXFileReference; lastKnownFileType = sourcecode.c.h; path = ZCZLabel.h; sourceTree = "<group>"; };
		3D353DCF1FB56AC500B33A0B /* ZCZLabel.m */ = {isa = PBXFileReference; lastKnownFileType = sourcecode.c.objc; path = ZCZLabel.m; sourceTree = "<group>"; };
		3D58936C1F95EC7400B2AA85 /* loginpic.jpg */ = {isa = PBXFileReference; lastKnownFileType = image.jpeg; path = loginpic.jpg; sourceTree = "<group>"; };
		3D6CB2F51F959ABB00B326FC /* EPGRightTableViewCell.h */ = {isa = PBXFileReference; lastKnownFileType = sourcecode.c.h; path = EPGRightTableViewCell.h; sourceTree = "<group>"; };
		3D6CB2F61F959ABB00B326FC /* EPGRightTableViewCell.m */ = {isa = PBXFileReference; lastKnownFileType = sourcecode.c.objc; path = EPGRightTableViewCell.m; sourceTree = "<group>"; };
		3D6CB2F71F959ABB00B326FC /* EPGRightTableViewCell.xib */ = {isa = PBXFileReference; lastKnownFileType = file.xib; path = EPGRightTableViewCell.xib; sourceTree = "<group>"; };
		3D6F80422003193E00C08E73 /* ZCZPickView.h */ = {isa = PBXFileReference; lastKnownFileType = sourcecode.c.h; path = ZCZPickView.h; sourceTree = "<group>"; };
		3D6F80432003193E00C08E73 /* ZCZPickView.m */ = {isa = PBXFileReference; lastKnownFileType = sourcecode.c.objc; path = ZCZPickView.m; sourceTree = "<group>"; };
		3D6F80462005C44A00C08E73 /* ZCZTipsView.h */ = {isa = PBXFileReference; lastKnownFileType = sourcecode.c.h; path = ZCZTipsView.h; sourceTree = "<group>"; };
		3D6F80472005C44B00C08E73 /* ZCZTipsView.m */ = {isa = PBXFileReference; lastKnownFileType = sourcecode.c.objc; path = ZCZTipsView.m; sourceTree = "<group>"; };
		3D7CCCFC1F948BB0002D59A7 /* HelpViewController.h */ = {isa = PBXFileReference; lastKnownFileType = sourcecode.c.h; path = HelpViewController.h; sourceTree = "<group>"; };
		3D7CCCFD1F948BB0002D59A7 /* HelpViewController.m */ = {isa = PBXFileReference; lastKnownFileType = sourcecode.c.objc; path = HelpViewController.m; sourceTree = "<group>"; };
		3D7CCCFF1F949233002D59A7 /* ManualInputViewController.h */ = {isa = PBXFileReference; lastKnownFileType = sourcecode.c.h; path = ManualInputViewController.h; sourceTree = "<group>"; };
		3D7CCD001F949233002D59A7 /* ManualInputViewController.m */ = {isa = PBXFileReference; lastKnownFileType = sourcecode.c.objc; path = ManualInputViewController.m; sourceTree = "<group>"; };
		3D7CCD041F94931C002D59A7 /* ManualInputViewController.xib */ = {isa = PBXFileReference; lastKnownFileType = file.xib; path = ManualInputViewController.xib; sourceTree = "<group>"; };
		3D7CCD061F9496B1002D59A7 /* BindPhoneNumberController.h */ = {isa = PBXFileReference; lastKnownFileType = sourcecode.c.h; path = BindPhoneNumberController.h; sourceTree = "<group>"; };
		3D7CCD071F9496B1002D59A7 /* BindPhoneNumberController.m */ = {isa = PBXFileReference; lastKnownFileType = sourcecode.c.objc; path = BindPhoneNumberController.m; sourceTree = "<group>"; };
		3D7CCD091F9496CA002D59A7 /* BindPhoneNumberController.xib */ = {isa = PBXFileReference; lastKnownFileType = file.xib; path = BindPhoneNumberController.xib; sourceTree = "<group>"; };
		3D7CCD0B1F949895002D59A7 /* SetPasswordController.h */ = {isa = PBXFileReference; lastKnownFileType = sourcecode.c.h; path = SetPasswordController.h; sourceTree = "<group>"; };
		3D7CCD0C1F949895002D59A7 /* SetPasswordController.m */ = {isa = PBXFileReference; lastKnownFileType = sourcecode.c.objc; path = SetPasswordController.m; sourceTree = "<group>"; };
		3D7CCD0D1F949895002D59A7 /* SetPasswordController.xib */ = {isa = PBXFileReference; lastKnownFileType = file.xib; path = SetPasswordController.xib; sourceTree = "<group>"; };
		3D7CCD101F9499CF002D59A7 /* SetDetailsController.h */ = {isa = PBXFileReference; lastKnownFileType = sourcecode.c.h; path = SetDetailsController.h; sourceTree = "<group>"; };
		3D7CCD111F9499CF002D59A7 /* SetDetailsController.m */ = {isa = PBXFileReference; lastKnownFileType = sourcecode.c.objc; path = SetDetailsController.m; sourceTree = "<group>"; };
		3D7CCD121F9499CF002D59A7 /* SetDetailsController.xib */ = {isa = PBXFileReference; lastKnownFileType = file.xib; path = SetDetailsController.xib; sourceTree = "<group>"; };
		3D8B12C01FB035DD00473D79 /* SearchController.h */ = {isa = PBXFileReference; lastKnownFileType = sourcecode.c.h; path = SearchController.h; sourceTree = "<group>"; };
		3D8B12C11FB035DD00473D79 /* SearchController.m */ = {isa = PBXFileReference; lastKnownFileType = sourcecode.c.objc; path = SearchController.m; sourceTree = "<group>"; };
		3D8B12C31FB0424F00473D79 /* SearchResultsTableViewCell.xib */ = {isa = PBXFileReference; lastKnownFileType = file.xib; path = SearchResultsTableViewCell.xib; sourceTree = "<group>"; };
		3D8B12C41FB0424F00473D79 /* SearchResultsTableViewCell.m */ = {isa = PBXFileReference; lastKnownFileType = sourcecode.c.objc; path = SearchResultsTableViewCell.m; sourceTree = "<group>"; };
		3D8B12C51FB0424F00473D79 /* SearchResultsTableViewCell.h */ = {isa = PBXFileReference; lastKnownFileType = sourcecode.c.h; path = SearchResultsTableViewCell.h; sourceTree = "<group>"; };
		3DA2E5261FB3F38100BF51B3 /* HistoryCollectionViewCell.h */ = {isa = PBXFileReference; lastKnownFileType = sourcecode.c.h; path = HistoryCollectionViewCell.h; sourceTree = "<group>"; };
		3DA2E5271FB3F38100BF51B3 /* HistoryCollectionViewCell.m */ = {isa = PBXFileReference; lastKnownFileType = sourcecode.c.objc; path = HistoryCollectionViewCell.m; sourceTree = "<group>"; };
		3DA2E5281FB3F38100BF51B3 /* HistoryCollectionViewCell.xib */ = {isa = PBXFileReference; lastKnownFileType = file.xib; path = HistoryCollectionViewCell.xib; sourceTree = "<group>"; };
		3DA2E52B1FB4340A00BF51B3 /* HistoryCollectionReusableView.h */ = {isa = PBXFileReference; lastKnownFileType = sourcecode.c.h; path = HistoryCollectionReusableView.h; sourceTree = "<group>"; };
		3DA2E52C1FB4340A00BF51B3 /* HistoryCollectionReusableView.m */ = {isa = PBXFileReference; lastKnownFileType = sourcecode.c.objc; path = HistoryCollectionReusableView.m; sourceTree = "<group>"; };
		3DA2E52D1FB4340A00BF51B3 /* HistoryCollectionReusableView.xib */ = {isa = PBXFileReference; lastKnownFileType = file.xib; path = HistoryCollectionReusableView.xib; sourceTree = "<group>"; };
		3DA35CD91FF0CD1600C64620 /* AlipaySDK.bundle */ = {isa = PBXFileReference; lastKnownFileType = "wrapper.plug-in"; path = AlipaySDK.bundle; sourceTree = "<group>"; };
		3DA35CDA1FF0CD1600C64620 /* AlipaySDK.framework */ = {isa = PBXFileReference; lastKnownFileType = wrapper.framework; path = AlipaySDK.framework; sourceTree = "<group>"; };
		3DA35CDD1FF0CD9000C64620 /* libc++.tbd */ = {isa = PBXFileReference; lastKnownFileType = "sourcecode.text-based-dylib-definition"; name = "libc++.tbd"; path = "usr/lib/libc++.tbd"; sourceTree = SDKROOT; };
		3DA35CDF1FF0CDA100C64620 /* libz.tbd */ = {isa = PBXFileReference; lastKnownFileType = "sourcecode.text-based-dylib-definition"; name = libz.tbd; path = usr/lib/libz.tbd; sourceTree = SDKROOT; };
		3DA35CE11FF0CDB600C64620 /* SystemConfiguration.framework */ = {isa = PBXFileReference; lastKnownFileType = wrapper.framework; name = SystemConfiguration.framework; path = System/Library/Frameworks/SystemConfiguration.framework; sourceTree = SDKROOT; };
		3DA35CE21FF0CDD500C64620 /* CoreTelephony.framework */ = {isa = PBXFileReference; lastKnownFileType = wrapper.framework; name = CoreTelephony.framework; path = System/Library/Frameworks/CoreTelephony.framework; sourceTree = SDKROOT; };
		3DA35CE31FF0CDE500C64620 /* QuartzCore.framework */ = {isa = PBXFileReference; lastKnownFileType = wrapper.framework; name = QuartzCore.framework; path = System/Library/Frameworks/QuartzCore.framework; sourceTree = SDKROOT; };
		3DA35CE71FF0CE5F00C64620 /* CoreText.framework */ = {isa = PBXFileReference; lastKnownFileType = wrapper.framework; name = CoreText.framework; path = System/Library/Frameworks/CoreText.framework; sourceTree = SDKROOT; };
		3DA35CE91FF0CE7900C64620 /* CoreGraphics.framework */ = {isa = PBXFileReference; lastKnownFileType = wrapper.framework; name = CoreGraphics.framework; path = System/Library/Frameworks/CoreGraphics.framework; sourceTree = SDKROOT; };
		3DA35CEB1FF0CE9400C64620 /* UIKit.framework */ = {isa = PBXFileReference; lastKnownFileType = wrapper.framework; name = UIKit.framework; path = System/Library/Frameworks/UIKit.framework; sourceTree = SDKROOT; };
		3DA35CED1FF0CEA500C64620 /* Foundation.framework */ = {isa = PBXFileReference; lastKnownFileType = wrapper.framework; name = Foundation.framework; path = System/Library/Frameworks/Foundation.framework; sourceTree = SDKROOT; };
		3DA35CEF1FF0CEC100C64620 /* CFNetwork.framework */ = {isa = PBXFileReference; lastKnownFileType = wrapper.framework; name = CFNetwork.framework; path = System/Library/Frameworks/CFNetwork.framework; sourceTree = SDKROOT; };
		3DA35CF11FF0CEE100C64620 /* CoreMotion.framework */ = {isa = PBXFileReference; lastKnownFileType = wrapper.framework; name = CoreMotion.framework; path = System/Library/Frameworks/CoreMotion.framework; sourceTree = SDKROOT; };
		3DA35CF31FF493ED00C64620 /* tableViewHeaderView.h */ = {isa = PBXFileReference; lastKnownFileType = sourcecode.c.h; path = tableViewHeaderView.h; sourceTree = "<group>"; };
		3DA35CF41FF493ED00C64620 /* tableViewHeaderView.m */ = {isa = PBXFileReference; lastKnownFileType = sourcecode.c.objc; path = tableViewHeaderView.m; sourceTree = "<group>"; };
		3DA35CF61FF4941000C64620 /* tableViewHeaderView.xib */ = {isa = PBXFileReference; lastKnownFileType = file.xib; path = tableViewHeaderView.xib; sourceTree = "<group>"; };
		3DA722111FC3D0DA000DD9E3 /* FiltersController.h */ = {isa = PBXFileReference; lastKnownFileType = sourcecode.c.h; path = FiltersController.h; sourceTree = "<group>"; };
		3DA722121FC3D0DA000DD9E3 /* FiltersController.m */ = {isa = PBXFileReference; lastKnownFileType = sourcecode.c.objc; path = FiltersController.m; sourceTree = "<group>"; };
		3DA722161FC3D4AE000DD9E3 /* FilterCollectionViewCell.h */ = {isa = PBXFileReference; lastKnownFileType = sourcecode.c.h; path = FilterCollectionViewCell.h; sourceTree = "<group>"; };
		3DA722171FC3D4AE000DD9E3 /* FilterCollectionViewCell.m */ = {isa = PBXFileReference; lastKnownFileType = sourcecode.c.objc; path = FilterCollectionViewCell.m; sourceTree = "<group>"; };
		3DA722181FC3D4AE000DD9E3 /* FilterCollectionViewCell.xib */ = {isa = PBXFileReference; lastKnownFileType = file.xib; path = FilterCollectionViewCell.xib; sourceTree = "<group>"; };
		3DA7221B1FC665B2000DD9E3 /* BasicViewController.h */ = {isa = PBXFileReference; lastKnownFileType = sourcecode.c.h; path = BasicViewController.h; sourceTree = "<group>"; };
		3DA7221C1FC665B2000DD9E3 /* BasicViewController.m */ = {isa = PBXFileReference; lastKnownFileType = sourcecode.c.objc; path = BasicViewController.m; sourceTree = "<group>"; };
		3DAA7BBF1FBD76E6005FB4EE /* ProcessImageController.h */ = {isa = PBXFileReference; lastKnownFileType = sourcecode.c.h; path = ProcessImageController.h; sourceTree = "<group>"; };
		3DAA7BC01FBD76E6005FB4EE /* ProcessImageController.m */ = {isa = PBXFileReference; lastKnownFileType = sourcecode.c.objc; path = ProcessImageController.m; sourceTree = "<group>"; };
		3DAA7BC11FBD76E6005FB4EE /* ProcessImageController.xib */ = {isa = PBXFileReference; lastKnownFileType = file.xib; path = ProcessImageController.xib; sourceTree = "<group>"; };
		3DAB4A8F1FDF79590038741C /* GuoAnGSApp.entitlements */ = {isa = PBXFileReference; lastKnownFileType = text.plist.entitlements; path = GuoAnGSApp.entitlements; sourceTree = "<group>"; };
		3DAB4A901FE35E9E0038741C /* ZCZNavigationController.h */ = {isa = PBXFileReference; lastKnownFileType = sourcecode.c.h; path = ZCZNavigationController.h; sourceTree = "<group>"; };
		3DAB4A911FE35E9F0038741C /* ZCZNavigationController.m */ = {isa = PBXFileReference; lastKnownFileType = sourcecode.c.objc; path = ZCZNavigationController.m; sourceTree = "<group>"; };
		3DB8D9F51F94583A0076B7D3 /* UIView+QREasyFrame.h */ = {isa = PBXFileReference; lastKnownFileType = sourcecode.c.h; path = "UIView+QREasyFrame.h"; sourceTree = "<group>"; };
		3DB8D9F61F94583A0076B7D3 /* QRScanViewController.h */ = {isa = PBXFileReference; lastKnownFileType = sourcecode.c.h; path = QRScanViewController.h; sourceTree = "<group>"; };
		3DB8D9F71F94583A0076B7D3 /* QRScanViewController.m */ = {isa = PBXFileReference; lastKnownFileType = sourcecode.c.objc; path = QRScanViewController.m; sourceTree = "<group>"; };
		3DB8D9F81F94583A0076B7D3 /* UIView+QREasyFrame.m */ = {isa = PBXFileReference; lastKnownFileType = sourcecode.c.objc; path = "UIView+QREasyFrame.m"; sourceTree = "<group>"; };
		3DB93C691F974CC700AA90B2 /* ChatGroupController.h */ = {isa = PBXFileReference; lastKnownFileType = sourcecode.c.h; path = ChatGroupController.h; sourceTree = "<group>"; };
		3DB93C6A1F974CC700AA90B2 /* ChatGroupController.m */ = {isa = PBXFileReference; lastKnownFileType = sourcecode.c.objc; path = ChatGroupController.m; sourceTree = "<group>"; };
		3DB93C6C1F98836700AA90B2 /* HeaderCell.h */ = {isa = PBXFileReference; lastKnownFileType = sourcecode.c.h; path = HeaderCell.h; sourceTree = "<group>"; };
		3DB93C6D1F98836700AA90B2 /* HeaderCell.m */ = {isa = PBXFileReference; lastKnownFileType = sourcecode.c.objc; path = HeaderCell.m; sourceTree = "<group>"; };
		3DB93C6F1F98858F00AA90B2 /* CommonTableViewCell.m */ = {isa = PBXFileReference; lastKnownFileType = sourcecode.c.objc; path = CommonTableViewCell.m; sourceTree = "<group>"; };
		3DB93C701F98859000AA90B2 /* CommonTableViewCell.h */ = {isa = PBXFileReference; lastKnownFileType = sourcecode.c.h; path = CommonTableViewCell.h; sourceTree = "<group>"; };
		3DB93C721F99964C00AA90B2 /* FamilyMembersController.h */ = {isa = PBXFileReference; lastKnownFileType = sourcecode.c.h; path = FamilyMembersController.h; sourceTree = "<group>"; };
		3DB93C731F99964C00AA90B2 /* FamilyMembersController.m */ = {isa = PBXFileReference; lastKnownFileType = sourcecode.c.objc; path = FamilyMembersController.m; sourceTree = "<group>"; };
		3DB93C751F999D1200AA90B2 /* MembersTableViewCell.h */ = {isa = PBXFileReference; lastKnownFileType = sourcecode.c.h; path = MembersTableViewCell.h; sourceTree = "<group>"; };
		3DB93C761F999D1200AA90B2 /* MembersTableViewCell.m */ = {isa = PBXFileReference; lastKnownFileType = sourcecode.c.objc; path = MembersTableViewCell.m; sourceTree = "<group>"; };
		3DB93C771F999D1200AA90B2 /* MembersTableViewCell.xib */ = {isa = PBXFileReference; lastKnownFileType = file.xib; path = MembersTableViewCell.xib; sourceTree = "<group>"; };
		3DBB20FC1F8F4B99008B1B87 /* LoadOnVC.xib */ = {isa = PBXFileReference; lastKnownFileType = file.xib; path = LoadOnVC.xib; sourceTree = "<group>"; };
		3DBB20FD1F8F4B9A008B1B87 /* LoadOnVC.m */ = {isa = PBXFileReference; lastKnownFileType = sourcecode.c.objc; path = LoadOnVC.m; sourceTree = "<group>"; };
		3DBB20FE1F8F4B9A008B1B87 /* LoadOnVC.h */ = {isa = PBXFileReference; lastKnownFileType = sourcecode.c.h; path = LoadOnVC.h; sourceTree = "<group>"; };
		3DDD181E1F7B53A400ADC124 /* GuoAnGSApp.app */ = {isa = PBXFileReference; explicitFileType = wrapper.application; includeInIndex = 0; path = GuoAnGSApp.app; sourceTree = BUILT_PRODUCTS_DIR; };
		3DDD18211F7B53A400ADC124 /* AppDelegate.h */ = {isa = PBXFileReference; lastKnownFileType = sourcecode.c.h; path = AppDelegate.h; sourceTree = "<group>"; };
		3DDD18221F7B53A400ADC124 /* AppDelegate.m */ = {isa = PBXFileReference; lastKnownFileType = sourcecode.c.objc; path = AppDelegate.m; sourceTree = "<group>"; };
		3DDD182A1F7B53A400ADC124 /* Assets.xcassets */ = {isa = PBXFileReference; lastKnownFileType = folder.assetcatalog; path = Assets.xcassets; sourceTree = "<group>"; };
		3DDD182D1F7B53A400ADC124 /* Base */ = {isa = PBXFileReference; lastKnownFileType = file.storyboard; name = Base; path = Base.lproj/LaunchScreen.storyboard; sourceTree = "<group>"; };
		3DDD182F1F7B53A400ADC124 /* Info.plist */ = {isa = PBXFileReference; lastKnownFileType = text.plist.xml; path = Info.plist; sourceTree = "<group>"; };
		3DDD18301F7B53A400ADC124 /* main.m */ = {isa = PBXFileReference; lastKnownFileType = sourcecode.c.objc; path = main.m; sourceTree = "<group>"; };
		3DDD18381F7B53D200ADC124 /* MyTabbarViewController.h */ = {isa = PBXFileReference; lastKnownFileType = sourcecode.c.h; path = MyTabbarViewController.h; sourceTree = "<group>"; };
		3DDD18391F7B53D200ADC124 /* MyTabbarViewController.m */ = {isa = PBXFileReference; lastKnownFileType = sourcecode.c.objc; path = MyTabbarViewController.m; sourceTree = "<group>"; };
		3DDD183B1F7B53DC00ADC124 /* AddressCell.h */ = {isa = PBXFileReference; lastKnownFileType = sourcecode.c.h; path = AddressCell.h; sourceTree = "<group>"; };
		3DDD183C1F7B53DC00ADC124 /* AddressCell.m */ = {isa = PBXFileReference; lastKnownFileType = sourcecode.c.objc; path = AddressCell.m; sourceTree = "<group>"; };
		3DDD183F1F7B53DC00ADC124 /* AlertStateView.h */ = {isa = PBXFileReference; lastKnownFileType = sourcecode.c.h; path = AlertStateView.h; sourceTree = "<group>"; };
		3DDD18401F7B53DC00ADC124 /* AlertStateView.m */ = {isa = PBXFileReference; lastKnownFileType = sourcecode.c.objc; path = AlertStateView.m; sourceTree = "<group>"; };
		3DDD18411F7B53DC00ADC124 /* AlertStateView.xib */ = {isa = PBXFileReference; lastKnownFileType = file.xib; path = AlertStateView.xib; sourceTree = "<group>"; };
		3DDD18421F7B53DC00ADC124 /* area.plist */ = {isa = PBXFileReference; lastKnownFileType = text.plist.xml; path = area.plist; sourceTree = "<group>"; };
		3DDD18431F7B53DC00ADC124 /* AreaObject.h */ = {isa = PBXFileReference; lastKnownFileType = sourcecode.c.h; path = AreaObject.h; sourceTree = "<group>"; };
		3DDD18441F7B53DC00ADC124 /* AreaObject.m */ = {isa = PBXFileReference; lastKnownFileType = sourcecode.c.objc; path = AreaObject.m; sourceTree = "<group>"; };
		3DDD18451F7B53DC00ADC124 /* CommonCtr.h */ = {isa = PBXFileReference; lastKnownFileType = sourcecode.c.h; path = CommonCtr.h; sourceTree = "<group>"; };
		3DDD18461F7B53DC00ADC124 /* CommonCtr.m */ = {isa = PBXFileReference; lastKnownFileType = sourcecode.c.objc; path = CommonCtr.m; sourceTree = "<group>"; };
		3DDD18471F7B53DC00ADC124 /* CSReachability.h */ = {isa = PBXFileReference; lastKnownFileType = sourcecode.c.h; path = CSReachability.h; sourceTree = "<group>"; };
		3DDD18481F7B53DC00ADC124 /* CSReachability.m */ = {isa = PBXFileReference; lastKnownFileType = sourcecode.c.objc; path = CSReachability.m; sourceTree = "<group>"; };
		3DDD18491F7B53DC00ADC124 /* CustomTextField.h */ = {isa = PBXFileReference; lastKnownFileType = sourcecode.c.h; path = CustomTextField.h; sourceTree = "<group>"; };
		3DDD184A1F7B53DC00ADC124 /* CustomTextField.m */ = {isa = PBXFileReference; lastKnownFileType = sourcecode.c.objc; path = CustomTextField.m; sourceTree = "<group>"; };
		3DDD184D1F7B53DC00ADC124 /* LoadReturnModel.h */ = {isa = PBXFileReference; lastKnownFileType = sourcecode.c.h; path = LoadReturnModel.h; sourceTree = "<group>"; };
		3DDD184E1F7B53DC00ADC124 /* LoadReturnModel.m */ = {isa = PBXFileReference; lastKnownFileType = sourcecode.c.objc; path = LoadReturnModel.m; sourceTree = "<group>"; };
		3DDD184F1F7B53DC00ADC124 /* LYNetworkManager.h */ = {isa = PBXFileReference; lastKnownFileType = sourcecode.c.h; path = LYNetworkManager.h; sourceTree = "<group>"; };
		3DDD18501F7B53DC00ADC124 /* LYNetworkManager.m */ = {isa = PBXFileReference; lastKnownFileType = sourcecode.c.objc; path = LYNetworkManager.m; sourceTree = "<group>"; };
		3DDD18511F7B53DC00ADC124 /* ParamFile.h */ = {isa = PBXFileReference; lastKnownFileType = sourcecode.c.h; path = ParamFile.h; sourceTree = "<group>"; };
		3DDD18541F7B53DC00ADC124 /* ReturnModel.h */ = {isa = PBXFileReference; lastKnownFileType = sourcecode.c.h; path = ReturnModel.h; sourceTree = "<group>"; };
		3DDD18551F7B53DC00ADC124 /* ReturnModel.m */ = {isa = PBXFileReference; lastKnownFileType = sourcecode.c.objc; path = ReturnModel.m; sourceTree = "<group>"; };
		3DDD18561F7B53DC00ADC124 /* SingleColor.h */ = {isa = PBXFileReference; lastKnownFileType = sourcecode.c.h; path = SingleColor.h; sourceTree = "<group>"; };
		3DDD18571F7B53DC00ADC124 /* SingleColor.m */ = {isa = PBXFileReference; lastKnownFileType = sourcecode.c.objc; path = SingleColor.m; sourceTree = "<group>"; };
		3DE214941F7B6FC70076FCD6 /* TabbarConfig.plist */ = {isa = PBXFileReference; lastKnownFileType = text.plist.xml; path = TabbarConfig.plist; sourceTree = "<group>"; };
		3DE214951F7B70850076FCD6 /* CenterViewController.h */ = {isa = PBXFileReference; lastKnownFileType = sourcecode.c.h; path = CenterViewController.h; sourceTree = "<group>"; };
		3DE214961F7B70850076FCD6 /* CenterViewController.m */ = {isa = PBXFileReference; lastKnownFileType = sourcecode.c.objc; path = CenterViewController.m; sourceTree = "<group>"; };
		3DE214981F7B70A90076FCD6 /* MyAppController.h */ = {isa = PBXFileReference; lastKnownFileType = sourcecode.c.h; path = MyAppController.h; sourceTree = "<group>"; };
		3DE214991F7B70A90076FCD6 /* MyAppController.m */ = {isa = PBXFileReference; lastKnownFileType = sourcecode.c.objc; path = MyAppController.m; sourceTree = "<group>"; };
		3DE2149B1F7B70B80076FCD6 /* LiveController.h */ = {isa = PBXFileReference; lastKnownFileType = sourcecode.c.h; path = LiveController.h; sourceTree = "<group>"; };
		3DE2149C1F7B70B80076FCD6 /* LiveController.m */ = {isa = PBXFileReference; lastKnownFileType = sourcecode.c.objc; path = LiveController.m; sourceTree = "<group>"; };
		3DE2149E1F7B70C60076FCD6 /* VODController.h */ = {isa = PBXFileReference; lastKnownFileType = sourcecode.c.h; path = VODController.h; sourceTree = "<group>"; };
		3DE2149F1F7B70C60076FCD6 /* VODController.m */ = {isa = PBXFileReference; lastKnownFileType = sourcecode.c.objc; path = VODController.m; sourceTree = "<group>"; };
		3DE214A11F7B70D10076FCD6 /* MyController.h */ = {isa = PBXFileReference; lastKnownFileType = sourcecode.c.h; path = MyController.h; sourceTree = "<group>"; };
		3DE214A21F7B70D10076FCD6 /* MyController.m */ = {isa = PBXFileReference; lastKnownFileType = sourcecode.c.objc; path = MyController.m; sourceTree = "<group>"; };
		3DE214A41F7B70DE0076FCD6 /* MyBoxController.h */ = {isa = PBXFileReference; lastKnownFileType = sourcecode.c.h; path = MyBoxController.h; sourceTree = "<group>"; };
		3DE214A51F7B70DE0076FCD6 /* MyBoxController.m */ = {isa = PBXFileReference; lastKnownFileType = sourcecode.c.objc; path = MyBoxController.m; sourceTree = "<group>"; };
		3DE214A91F7B71C90076FCD6 /* Reachability.h */ = {isa = PBXFileReference; lastKnownFileType = sourcecode.c.h; path = Reachability.h; sourceTree = "<group>"; };
		3DE214AA1F7B71C90076FCD6 /* Reachability.m */ = {isa = PBXFileReference; lastKnownFileType = sourcecode.c.objc; path = Reachability.m; sourceTree = "<group>"; };
		3DF04B9A1FCE4F11009C5D2A /* ZCZMoviePlayerController.h */ = {isa = PBXFileReference; lastKnownFileType = sourcecode.c.h; path = ZCZMoviePlayerController.h; sourceTree = "<group>"; };
		3DF04B9B1FCE4F11009C5D2A /* ZCZMoviePlayerController.m */ = {isa = PBXFileReference; lastKnownFileType = sourcecode.c.objc; path = ZCZMoviePlayerController.m; sourceTree = "<group>"; };
		3DF04B9F1FCE5DA5009C5D2A /* ZCZProgressBar.h */ = {isa = PBXFileReference; lastKnownFileType = sourcecode.c.h; path = ZCZProgressBar.h; sourceTree = "<group>"; };
		3DF04BA01FCE5DA5009C5D2A /* ZCZProgressBar.m */ = {isa = PBXFileReference; lastKnownFileType = sourcecode.c.objc; path = ZCZProgressBar.m; sourceTree = "<group>"; };
		3DF04BA21FCE5DB8009C5D2A /* ZCZProgressBar.xib */ = {isa = PBXFileReference; lastKnownFileType = file.xib; path = ZCZProgressBar.xib; sourceTree = "<group>"; };
		3DF04BA41FCE7D3A009C5D2A /* ZCZSlider.h */ = {isa = PBXFileReference; lastKnownFileType = sourcecode.c.h; path = ZCZSlider.h; sourceTree = "<group>"; };
		3DF04BA51FCE7D3A009C5D2A /* ZCZSlider.m */ = {isa = PBXFileReference; lastKnownFileType = sourcecode.c.objc; path = ZCZSlider.m; sourceTree = "<group>"; };
		3DF04BAB1FCFD594009C5D2A /* UIView+Frame.h */ = {isa = PBXFileReference; lastKnownFileType = sourcecode.c.h; path = "UIView+Frame.h"; sourceTree = "<group>"; };
		3DF04BAC1FCFD594009C5D2A /* UIView+Frame.m */ = {isa = PBXFileReference; lastKnownFileType = sourcecode.c.objc; path = "UIView+Frame.m"; sourceTree = "<group>"; };
		3DF409B81FE8F5F6003BACE0 /* ZCZHeaderBar.h */ = {isa = PBXFileReference; lastKnownFileType = sourcecode.c.h; path = ZCZHeaderBar.h; sourceTree = "<group>"; };
		3DF409B91FE8F5F7003BACE0 /* ZCZHeaderBar.m */ = {isa = PBXFileReference; lastKnownFileType = sourcecode.c.objc; path = ZCZHeaderBar.m; sourceTree = "<group>"; };
		3DF409BB1FE8F618003BACE0 /* ZCZHeaderBar.xib */ = {isa = PBXFileReference; lastKnownFileType = file.xib; path = ZCZHeaderBar.xib; sourceTree = "<group>"; };
		3DF9B654200CA00500C8587D /* SetVC.h */ = {isa = PBXFileReference; fileEncoding = 4; lastKnownFileType = sourcecode.c.h; path = SetVC.h; sourceTree = "<group>"; };
		3DF9B655200CA00500C8587D /* SetVC.m */ = {isa = PBXFileReference; fileEncoding = 4; lastKnownFileType = sourcecode.c.objc; path = SetVC.m; sourceTree = "<group>"; };
		3DF9B657200CA02F00C8587D /* NSString+calculate.h */ = {isa = PBXFileReference; fileEncoding = 4; lastKnownFileType = sourcecode.c.h; path = "NSString+calculate.h"; sourceTree = "<group>"; };
		3DF9B658200CA03000C8587D /* NSString+calculate.m */ = {isa = PBXFileReference; fileEncoding = 4; lastKnownFileType = sourcecode.c.objc; path = "NSString+calculate.m"; sourceTree = "<group>"; };
		3DF9B65A200CA07200C8587D /* My_ReuseCllTableViewCell.m */ = {isa = PBXFileReference; fileEncoding = 4; lastKnownFileType = sourcecode.c.objc; path = My_ReuseCllTableViewCell.m; sourceTree = "<group>"; };
		3DF9B65B200CA07200C8587D /* My_ReuseCllTableViewCell.h */ = {isa = PBXFileReference; fileEncoding = 4; lastKnownFileType = sourcecode.c.h; path = My_ReuseCllTableViewCell.h; sourceTree = "<group>"; };
		DD23D2332ED4C04FEE58E36C /* Pods-GuoAnGSApp.debug.xcconfig */ = {isa = PBXFileReference; includeInIndex = 1; lastKnownFileType = text.xcconfig; name = "Pods-GuoAnGSApp.debug.xcconfig"; path = "Pods/Target Support Files/Pods-GuoAnGSApp/Pods-GuoAnGSApp.debug.xcconfig"; sourceTree = "<group>"; };
		FECF191D9A5EA27E310E2E73 /* libPods-GuoAnGSApp.a */ = {isa = PBXFileReference; explicitFileType = archive.ar; includeInIndex = 0; path = "libPods-GuoAnGSApp.a"; sourceTree = BUILT_PRODUCTS_DIR; };
/* End PBXFileReference section */

/* Begin PBXFrameworksBuildPhase section */
		3DDD181B1F7B53A400ADC124 /* Frameworks */ = {
			isa = PBXFrameworksBuildPhase;
			buildActionMask = 2147483647;
			files = (
				3DA35CF21FF0CEEA00C64620 /* CoreMotion.framework in Frameworks */,
				3DA35CF01FF0CECB00C64620 /* CFNetwork.framework in Frameworks */,
				3DA35CEE1FF0CEB400C64620 /* Foundation.framework in Frameworks */,
				3DA35CEC1FF0CE9D00C64620 /* UIKit.framework in Frameworks */,
				3DA35CEA1FF0CE8200C64620 /* CoreGraphics.framework in Frameworks */,
				3DA35CE81FF0CE6F00C64620 /* CoreText.framework in Frameworks */,
				3DA35CE61FF0CE4B00C64620 /* CoreTelephony.framework in Frameworks */,
				3DA35CE51FF0CE2600C64620 /* SystemConfiguration.framework in Frameworks */,
				3DA35CE41FF0CDF300C64620 /* QuartzCore.framework in Frameworks */,
				3DA35CDE1FF0CD9000C64620 /* libc++.tbd in Frameworks */,
				3DA35CE01FF0CDA100C64620 /* libz.tbd in Frameworks */,
				6DCAEF00024144BF370DDF5B /* libPods-GuoAnGSApp.a in Frameworks */,
				3DA35CDC1FF0CD1600C64620 /* AlipaySDK.framework in Frameworks */,
			);
			runOnlyForDeploymentPostprocessing = 0;
		};
/* End PBXFrameworksBuildPhase section */

/* Begin PBXGroup section */
		3D5893511F95D12800B2AA85 /* Login */ = {
			isa = PBXGroup;
			children = (
				3D5893521F95D12800B2AA85 /* Control */,
				3D5893531F95D12800B2AA85 /* Model */,
				3D5893541F95D12800B2AA85 /* View */,
			);
			path = Login;
			sourceTree = "<group>";
		};
		3D5893521F95D12800B2AA85 /* Control */ = {
			isa = PBXGroup;
			children = (
				3D7CCCFC1F948BB0002D59A7 /* HelpViewController.h */,
				3D7CCCFD1F948BB0002D59A7 /* HelpViewController.m */,
				3DBB20FE1F8F4B9A008B1B87 /* LoadOnVC.h */,
				3DBB20FD1F8F4B9A008B1B87 /* LoadOnVC.m */,
				3DBB20FC1F8F4B99008B1B87 /* LoadOnVC.xib */,
				3D7CCCFF1F949233002D59A7 /* ManualInputViewController.h */,
				3D7CCD001F949233002D59A7 /* ManualInputViewController.m */,
				3D7CCD041F94931C002D59A7 /* ManualInputViewController.xib */,
				3D7CCD061F9496B1002D59A7 /* BindPhoneNumberController.h */,
				3D7CCD071F9496B1002D59A7 /* BindPhoneNumberController.m */,
				3D7CCD091F9496CA002D59A7 /* BindPhoneNumberController.xib */,
				3D7CCD0B1F949895002D59A7 /* SetPasswordController.h */,
				3D7CCD0C1F949895002D59A7 /* SetPasswordController.m */,
				3D7CCD0D1F949895002D59A7 /* SetPasswordController.xib */,
				3D7CCD101F9499CF002D59A7 /* SetDetailsController.h */,
				3D7CCD111F9499CF002D59A7 /* SetDetailsController.m */,
				3D7CCD121F9499CF002D59A7 /* SetDetailsController.xib */,
				3DB8D9F61F94583A0076B7D3 /* QRScanViewController.h */,
				3DB8D9F71F94583A0076B7D3 /* QRScanViewController.m */,
				3DB8D9F51F94583A0076B7D3 /* UIView+QREasyFrame.h */,
				3DB8D9F81F94583A0076B7D3 /* UIView+QREasyFrame.m */,
			);
			path = Control;
			sourceTree = "<group>";
		};
		3D5893531F95D12800B2AA85 /* Model */ = {
			isa = PBXGroup;
			children = (
			);
			path = Model;
			sourceTree = "<group>";
		};
		3D5893541F95D12800B2AA85 /* View */ = {
			isa = PBXGroup;
			children = (
			);
			path = View;
			sourceTree = "<group>";
		};
		3DA35CD81FF0CD1600C64620 /* Alipay */ = {
			isa = PBXGroup;
			children = (
				3DA35CD91FF0CD1600C64620 /* AlipaySDK.bundle */,
				3DA35CDA1FF0CD1600C64620 /* AlipaySDK.framework */,
			);
			path = Alipay;
			sourceTree = "<group>";
		};
		3DDD18151F7B53A400ADC124 = {
			isa = PBXGroup;
			children = (
				3DDD18201F7B53A400ADC124 /* GuoAnGSApp */,
				3DDD181F1F7B53A400ADC124 /* Products */,
				595625789F989E292575AC91 /* Pods */,
				FAE887AA673AF50E8FAC6BF4 /* Frameworks */,
			);
			sourceTree = "<group>";
		};
		3DDD181F1F7B53A400ADC124 /* Products */ = {
			isa = PBXGroup;
			children = (
				3DDD181E1F7B53A400ADC124 /* GuoAnGSApp.app */,
			);
			name = Products;
			sourceTree = "<group>";
		};
		3DDD18201F7B53A400ADC124 /* GuoAnGSApp */ = {
			isa = PBXGroup;
			children = (
				3DAB4A8F1FDF79590038741C /* GuoAnGSApp.entitlements */,
				3DE2147A1F7B60D60076FCD6 /* Classes */,
				3DE2148F1F7B60D60076FCD6 /* Other */,
				3DDD183A1F7B53DC00ADC124 /* CommonTools */,
				3DDD182A1F7B53A400ADC124 /* Assets.xcassets */,
			);
			path = GuoAnGSApp;
			sourceTree = "<group>";
		};
		3DDD18371F7B53D200ADC124 /* Main */ = {
			isa = PBXGroup;
			children = (
				3DDD18211F7B53A400ADC124 /* AppDelegate.h */,
				3DDD18221F7B53A400ADC124 /* AppDelegate.m */,
				3DAB4A901FE35E9E0038741C /* ZCZNavigationController.h */,
				3DAB4A911FE35E9F0038741C /* ZCZNavigationController.m */,
				3DA7221B1FC665B2000DD9E3 /* BasicViewController.h */,
				3DA7221C1FC665B2000DD9E3 /* BasicViewController.m */,
				3DDD18381F7B53D200ADC124 /* MyTabbarViewController.h */,
				3DDD18391F7B53D200ADC124 /* MyTabbarViewController.m */,
				3DE214941F7B6FC70076FCD6 /* TabbarConfig.plist */,
				3D6F80462005C44A00C08E73 /* ZCZTipsView.h */,
				3D6F80472005C44B00C08E73 /* ZCZTipsView.m */,
				3DDD18451F7B53DC00ADC124 /* CommonCtr.h */,
				3DDD18461F7B53DC00ADC124 /* CommonCtr.m */,
			);
			path = Main;
			sourceTree = "<group>";
		};
		3DDD183A1F7B53DC00ADC124 /* CommonTools */ = {
			isa = PBXGroup;
			children = (
				3DDD183B1F7B53DC00ADC124 /* AddressCell.h */,
				3DDD183C1F7B53DC00ADC124 /* AddressCell.m */,
				3DDD183F1F7B53DC00ADC124 /* AlertStateView.h */,
				3DDD18401F7B53DC00ADC124 /* AlertStateView.m */,
				3DDD18411F7B53DC00ADC124 /* AlertStateView.xib */,
				3DDD18431F7B53DC00ADC124 /* AreaObject.h */,
				3DDD18441F7B53DC00ADC124 /* AreaObject.m */,
				3DDD18491F7B53DC00ADC124 /* CustomTextField.h */,
				3DDD184A1F7B53DC00ADC124 /* CustomTextField.m */,
				3DDD184D1F7B53DC00ADC124 /* LoadReturnModel.h */,
				3DDD184F1F7B53DC00ADC124 /* LYNetworkManager.h */,
				3DDD18501F7B53DC00ADC124 /* LYNetworkManager.m */,
				3DDD18511F7B53DC00ADC124 /* ParamFile.h */,
				3DDD18541F7B53DC00ADC124 /* ReturnModel.h */,
				3DDD18551F7B53DC00ADC124 /* ReturnModel.m */,
				3DDD18561F7B53DC00ADC124 /* SingleColor.h */,
				3DDD18571F7B53DC00ADC124 /* SingleColor.m */,
				3DDD184E1F7B53DC00ADC124 /* LoadReturnModel.m */,
				3D58936C1F95EC7400B2AA85 /* loginpic.jpg */,
			);
			path = CommonTools;
			sourceTree = "<group>";
		};
		3DE2147A1F7B60D60076FCD6 /* Classes */ = {
			isa = PBXGroup;
			children = (
				3DDD18371F7B53D200ADC124 /* Main */,
				3DE2147B1F7B60D60076FCD6 /* Center */,
				3DE214901F7B60D60076FCD6 /* MyBox */,
				3DE214871F7B60D60076FCD6 /* VOD */,
				3DE2147F1F7B60D60076FCD6 /* MyApp */,
				3DE214831F7B60D60076FCD6 /* Live */,
				3DE2148B1F7B60D60076FCD6 /* My */,
				3D5893511F95D12800B2AA85 /* Login */,
			);
			path = Classes;
			sourceTree = "<group>";
		};
		3DE2147B1F7B60D60076FCD6 /* Center */ = {
			isa = PBXGroup;
			children = (
				3DE2147C1F7B60D60076FCD6 /* Controller */,
				3DE2147D1F7B60D60076FCD6 /* Model */,
				3DE2147E1F7B60D60076FCD6 /* View */,
			);
			path = Center;
			sourceTree = "<group>";
		};
		3DE2147C1F7B60D60076FCD6 /* Controller */ = {
			isa = PBXGroup;
			children = (
				3DE214951F7B70850076FCD6 /* CenterViewController.h */,
				3DE214961F7B70850076FCD6 /* CenterViewController.m */,
			);
			path = Controller;
			sourceTree = "<group>";
		};
		3DE2147D1F7B60D60076FCD6 /* Model */ = {
			isa = PBXGroup;
			children = (
			);
			path = Model;
			sourceTree = "<group>";
		};
		3DE2147E1F7B60D60076FCD6 /* View */ = {
			isa = PBXGroup;
			children = (
			);
			path = View;
			sourceTree = "<group>";
		};
		3DE2147F1F7B60D60076FCD6 /* MyApp */ = {
			isa = PBXGroup;
			children = (
				3DE214801F7B60D60076FCD6 /* Controller */,
				3DE214811F7B60D60076FCD6 /* Model */,
				3DE214821F7B60D60076FCD6 /* View */,
			);
			path = MyApp;
			sourceTree = "<group>";
		};
		3DE214801F7B60D60076FCD6 /* Controller */ = {
			isa = PBXGroup;
			children = (
				3DE214981F7B70A90076FCD6 /* MyAppController.h */,
				3DE214991F7B70A90076FCD6 /* MyAppController.m */,
				3DAA7BBF1FBD76E6005FB4EE /* ProcessImageController.h */,
				3DAA7BC01FBD76E6005FB4EE /* ProcessImageController.m */,
				3DAA7BC11FBD76E6005FB4EE /* ProcessImageController.xib */,
				3DA722111FC3D0DA000DD9E3 /* FiltersController.h */,
				3DA722121FC3D0DA000DD9E3 /* FiltersController.m */,
			);
			path = Controller;
			sourceTree = "<group>";
		};
		3DE214811F7B60D60076FCD6 /* Model */ = {
			isa = PBXGroup;
			children = (
			);
			path = Model;
			sourceTree = "<group>";
		};
		3DE214821F7B60D60076FCD6 /* View */ = {
			isa = PBXGroup;
			children = (
				3DA722161FC3D4AE000DD9E3 /* FilterCollectionViewCell.h */,
				3DA722171FC3D4AE000DD9E3 /* FilterCollectionViewCell.m */,
				3DA722181FC3D4AE000DD9E3 /* FilterCollectionViewCell.xib */,
			);
			path = View;
			sourceTree = "<group>";
		};
		3DE214831F7B60D60076FCD6 /* Live */ = {
			isa = PBXGroup;
			children = (
				3DE214841F7B60D60076FCD6 /* Controller */,
				3DE214851F7B60D60076FCD6 /* Model */,
				3DE214861F7B60D60076FCD6 /* View */,
			);
			path = Live;
			sourceTree = "<group>";
		};
		3DE214841F7B60D60076FCD6 /* Controller */ = {
			isa = PBXGroup;
			children = (
				3DE2149B1F7B70B80076FCD6 /* LiveController.h */,
				3DE2149C1F7B70B80076FCD6 /* LiveController.m */,
				3DF04B9A1FCE4F11009C5D2A /* ZCZMoviePlayerController.h */,
				3DF04B9B1FCE4F11009C5D2A /* ZCZMoviePlayerController.m */,
			);
			path = Controller;
			sourceTree = "<group>";
		};
		3DE214851F7B60D60076FCD6 /* Model */ = {
			isa = PBXGroup;
			children = (
			);
			path = Model;
			sourceTree = "<group>";
		};
		3DE214861F7B60D60076FCD6 /* View */ = {
			isa = PBXGroup;
			children = (
				3D6CB2F51F959ABB00B326FC /* EPGRightTableViewCell.h */,
				3D6CB2F61F959ABB00B326FC /* EPGRightTableViewCell.m */,
				3D6CB2F71F959ABB00B326FC /* EPGRightTableViewCell.xib */,
				3D353DCE1FB56AC500B33A0B /* ZCZLabel.h */,
				3D353DCF1FB56AC500B33A0B /* ZCZLabel.m */,
				3DF04B9F1FCE5DA5009C5D2A /* ZCZProgressBar.h */,
				3DF04BA01FCE5DA5009C5D2A /* ZCZProgressBar.m */,
				3DF04BA21FCE5DB8009C5D2A /* ZCZProgressBar.xib */,
				3DF04BA41FCE7D3A009C5D2A /* ZCZSlider.h */,
				3DF04BA51FCE7D3A009C5D2A /* ZCZSlider.m */,
				3DF409B81FE8F5F6003BACE0 /* ZCZHeaderBar.h */,
				3DF409B91FE8F5F7003BACE0 /* ZCZHeaderBar.m */,
				3DF409BB1FE8F618003BACE0 /* ZCZHeaderBar.xib */,
				3DA35CF31FF493ED00C64620 /* tableViewHeaderView.h */,
				3DA35CF41FF493ED00C64620 /* tableViewHeaderView.m */,
				3DA35CF61FF4941000C64620 /* tableViewHeaderView.xib */,
			);
			path = View;
			sourceTree = "<group>";
		};
		3DE214871F7B60D60076FCD6 /* VOD */ = {
			isa = PBXGroup;
			children = (
				3DE214881F7B60D60076FCD6 /* Controller */,
				3DE214891F7B60D60076FCD6 /* Model */,
				3DE2148A1F7B60D60076FCD6 /* View */,
			);
			path = VOD;
			sourceTree = "<group>";
		};
		3DE214881F7B60D60076FCD6 /* Controller */ = {
			isa = PBXGroup;
			children = (
				3DE2149E1F7B70C60076FCD6 /* VODController.h */,
				3DE2149F1F7B70C60076FCD6 /* VODController.m */,
				3D8B12C01FB035DD00473D79 /* SearchController.h */,
				3D8B12C11FB035DD00473D79 /* SearchController.m */,
			);
			path = Controller;
			sourceTree = "<group>";
		};
		3DE214891F7B60D60076FCD6 /* Model */ = {
			isa = PBXGroup;
			children = (
			);
			path = Model;
			sourceTree = "<group>";
		};
		3DE2148A1F7B60D60076FCD6 /* View */ = {
			isa = PBXGroup;
			children = (
				3D8B12C51FB0424F00473D79 /* SearchResultsTableViewCell.h */,
				3D8B12C41FB0424F00473D79 /* SearchResultsTableViewCell.m */,
				3D8B12C31FB0424F00473D79 /* SearchResultsTableViewCell.xib */,
				3DA2E5261FB3F38100BF51B3 /* HistoryCollectionViewCell.h */,
				3DA2E5271FB3F38100BF51B3 /* HistoryCollectionViewCell.m */,
				3DA2E5281FB3F38100BF51B3 /* HistoryCollectionViewCell.xib */,
				3DA2E52B1FB4340A00BF51B3 /* HistoryCollectionReusableView.h */,
				3DA2E52C1FB4340A00BF51B3 /* HistoryCollectionReusableView.m */,
				3DA2E52D1FB4340A00BF51B3 /* HistoryCollectionReusableView.xib */,
			);
			path = View;
			sourceTree = "<group>";
		};
		3DE2148B1F7B60D60076FCD6 /* My */ = {
			isa = PBXGroup;
			children = (
				3DE2148C1F7B60D60076FCD6 /* Controller */,
				3DE2148D1F7B60D60076FCD6 /* Model */,
				3DE2148E1F7B60D60076FCD6 /* View */,
			);
			path = My;
			sourceTree = "<group>";
		};
		3DE2148C1F7B60D60076FCD6 /* Controller */ = {
			isa = PBXGroup;
			children = (
				3DE214A11F7B70D10076FCD6 /* MyController.h */,
				3DE214A21F7B70D10076FCD6 /* MyController.m */,
				3D2C05261F99D41100AAE921 /* SettingTableViewController.h */,
				3D2C05271F99D41100AAE921 /* SettingTableViewController.m */,
				3D1CFB5E1F9EEA1600D88608 /* GroupDetailsTableViewController.h */,
				3D1CFB5F1F9EEA1600D88608 /* GroupDetailsTableViewController.m */,
				3DB93C721F99964C00AA90B2 /* FamilyMembersController.h */,
				3DB93C731F99964C00AA90B2 /* FamilyMembersController.m */,
				3D6F80422003193E00C08E73 /* ZCZPickView.h */,
				3D6F80432003193E00C08E73 /* ZCZPickView.m */,
				3DDD18421F7B53DC00ADC124 /* area.plist */,
				3DF9B654200CA00500C8587D /* SetVC.h */,
				3DF9B655200CA00500C8587D /* SetVC.m */,
				3DF9B657200CA02F00C8587D /* NSString+calculate.h */,
				3DF9B658200CA03000C8587D /* NSString+calculate.m */,
				3DF9B65B200CA07200C8587D /* My_ReuseCllTableViewCell.h */,
				3DF9B65A200CA07200C8587D /* My_ReuseCllTableViewCell.m */,
			);
			path = Controller;
			sourceTree = "<group>";
		};
		3DE2148D1F7B60D60076FCD6 /* Model */ = {
			isa = PBXGroup;
			children = (
			);
			path = Model;
			sourceTree = "<group>";
		};
		3DE2148E1F7B60D60076FCD6 /* View */ = {
			isa = PBXGroup;
			children = (
				3DB93C701F98859000AA90B2 /* CommonTableViewCell.h */,
				3DB93C6F1F98858F00AA90B2 /* CommonTableViewCell.m */,
				3DB93C6C1F98836700AA90B2 /* HeaderCell.h */,
				3DB93C6D1F98836700AA90B2 /* HeaderCell.m */,
				3DB93C751F999D1200AA90B2 /* MembersTableViewCell.h */,
				3DB93C761F999D1200AA90B2 /* MembersTableViewCell.m */,
				3DB93C771F999D1200AA90B2 /* MembersTableViewCell.xib */,
			);
			path = View;
			sourceTree = "<group>";
		};
		3DE2148F1F7B60D60076FCD6 /* Other */ = {
			isa = PBXGroup;
			children = (
				3DF04BA71FCFD4D2009C5D2A /* Category */,
				3DE214A71F7B71C90076FCD6 /* ThirdLib */,
				3DDD182C1F7B53A400ADC124 /* LaunchScreen.storyboard */,
				3DDD182F1F7B53A400ADC124 /* Info.plist */,
				3DDD18301F7B53A400ADC124 /* main.m */,
			);
			path = Other;
			sourceTree = "<group>";
		};
		3DE214901F7B60D60076FCD6 /* MyBox */ = {
			isa = PBXGroup;
			children = (
				3DE214911F7B60D60076FCD6 /* Controller */,
				3DE214921F7B60D60076FCD6 /* Model */,
				3DE214931F7B60D60076FCD6 /* View */,
			);
			path = MyBox;
			sourceTree = "<group>";
		};
		3DE214911F7B60D60076FCD6 /* Controller */ = {
			isa = PBXGroup;
			children = (
				3DE214A41F7B70DE0076FCD6 /* MyBoxController.h */,
				3DE214A51F7B70DE0076FCD6 /* MyBoxController.m */,
				3D0E5C451FAAC22400CC8828 /* WeiShareController.h */,
				3D0E5C461FAAC22400CC8828 /* WeiShareController.m */,
				3D0E5C471FAAC22400CC8828 /* WeiShareController.xib */,
				3DB93C691F974CC700AA90B2 /* ChatGroupController.h */,
				3DB93C6A1F974CC700AA90B2 /* ChatGroupController.m */,
				3D0E5C4A1FAAFA7E00CC8828 /* ChoosePhotoController.h */,
				3D0E5C4B1FAAFA7E00CC8828 /* ChoosePhotoController.m */,
				3D2C70B31FAC108B00C662F5 /* ScreenShotController.h */,
				3D2C70B41FAC108B00C662F5 /* ScreenShotController.m */,
				3D2C70B51FAC108B00C662F5 /* ScreenShotController.xib */,
			);
			path = Controller;
			sourceTree = "<group>";
		};
		3DE214921F7B60D60076FCD6 /* Model */ = {
			isa = PBXGroup;
			children = (
			);
			path = Model;
			sourceTree = "<group>";
		};
		3DE214931F7B60D60076FCD6 /* View */ = {
			isa = PBXGroup;
			children = (
				3D1CFB611F9F19E500D88608 /* STBTopView.h */,
				3D1CFB621F9F19E500D88608 /* STBTopView.m */,
				3D1CFB641F9F19FE00D88608 /* STBTopView.xib */,
				3D1CFB661F9F1F4900D88608 /* STBButtonView.h */,
				3D1CFB671F9F1F4900D88608 /* STBButtonView.m */,
				3D1CFB6C1F9F23C400D88608 /* STBButtonView.xib */,
			);
			path = View;
			sourceTree = "<group>";
		};
		3DE214A71F7B71C90076FCD6 /* ThirdLib */ = {
			isa = PBXGroup;
			children = (
				3DA35CD81FF0CD1600C64620 /* Alipay */,
				3DE214A81F7B71C90076FCD6 /* Reachability */,
			);
			path = ThirdLib;
			sourceTree = "<group>";
		};
		3DE214A81F7B71C90076FCD6 /* Reachability */ = {
			isa = PBXGroup;
			children = (
				3DDD18471F7B53DC00ADC124 /* CSReachability.h */,
				3DDD18481F7B53DC00ADC124 /* CSReachability.m */,
				3DE214A91F7B71C90076FCD6 /* Reachability.h */,
				3DE214AA1F7B71C90076FCD6 /* Reachability.m */,
			);
			path = Reachability;
			sourceTree = "<group>";
		};
		3DF04BA71FCFD4D2009C5D2A /* Category */ = {
			isa = PBXGroup;
			children = (
				3DF04BAB1FCFD594009C5D2A /* UIView+Frame.h */,
				3DF04BAC1FCFD594009C5D2A /* UIView+Frame.m */,
			);
			path = Category;
			sourceTree = "<group>";
		};
		595625789F989E292575AC91 /* Pods */ = {
			isa = PBXGroup;
			children = (
				DD23D2332ED4C04FEE58E36C /* Pods-GuoAnGSApp.debug.xcconfig */,
				05E19051C8CF18A421A0503A /* Pods-GuoAnGSApp.release.xcconfig */,
			);
			name = Pods;
			sourceTree = "<group>";
		};
		FAE887AA673AF50E8FAC6BF4 /* Frameworks */ = {
			isa = PBXGroup;
			children = (
				3DA35CF11FF0CEE100C64620 /* CoreMotion.framework */,
				3DA35CEF1FF0CEC100C64620 /* CFNetwork.framework */,
				3DA35CED1FF0CEA500C64620 /* Foundation.framework */,
				3DA35CEB1FF0CE9400C64620 /* UIKit.framework */,
				3DA35CE91FF0CE7900C64620 /* CoreGraphics.framework */,
				3DA35CE71FF0CE5F00C64620 /* CoreText.framework */,
				3DA35CE31FF0CDE500C64620 /* QuartzCore.framework */,
				3DA35CE21FF0CDD500C64620 /* CoreTelephony.framework */,
				3DA35CE11FF0CDB600C64620 /* SystemConfiguration.framework */,
				3DA35CDF1FF0CDA100C64620 /* libz.tbd */,
				3DA35CDD1FF0CD9000C64620 /* libc++.tbd */,
				FECF191D9A5EA27E310E2E73 /* libPods-GuoAnGSApp.a */,
			);
			name = Frameworks;
			sourceTree = "<group>";
		};
/* End PBXGroup section */

/* Begin PBXNativeTarget section */
		3DDD181D1F7B53A400ADC124 /* GuoAnGSApp */ = {
			isa = PBXNativeTarget;
			buildConfigurationList = 3DDD18341F7B53A400ADC124 /* Build configuration list for PBXNativeTarget "GuoAnGSApp" */;
			buildPhases = (
				D704FFB14D37A039227DFC2C /* [CP] Check Pods Manifest.lock */,
				3DDD181C1F7B53A400ADC124 /* Resources */,
				3DDD181A1F7B53A400ADC124 /* Sources */,
				3DDD181B1F7B53A400ADC124 /* Frameworks */,
				D00F636B0C45CC5EE7A76FA6 /* [CP] Embed Pods Frameworks */,
				71B0C28D3160C334B5344BBB /* [CP] Copy Pods Resources */,
			);
			buildRules = (
			);
			dependencies = (
			);
			name = GuoAnGSApp;
			productName = GuoAnGSApp;
			productReference = 3DDD181E1F7B53A400ADC124 /* GuoAnGSApp.app */;
			productType = "com.apple.product-type.application";
		};
/* End PBXNativeTarget section */

/* Begin PBXProject section */
		3DDD18161F7B53A400ADC124 /* Project object */ = {
			isa = PBXProject;
			attributes = {
				LastUpgradeCheck = 0900;
				ORGANIZATIONNAME = zcz;
				TargetAttributes = {
					3DDD181D1F7B53A400ADC124 = {
						CreatedOnToolsVersion = 9.0;
						ProvisioningStyle = Automatic;
						SystemCapabilities = {
							com.apple.Push = {
								enabled = 1;
							};
						};
					};
				};
			};
			buildConfigurationList = 3DDD18191F7B53A400ADC124 /* Build configuration list for PBXProject "GuoAnGSApp" */;
			compatibilityVersion = "Xcode 8.0";
			developmentRegion = en;
			hasScannedForEncodings = 0;
			knownRegions = (
				en,
				Base,
			);
			mainGroup = 3DDD18151F7B53A400ADC124;
			productRefGroup = 3DDD181F1F7B53A400ADC124 /* Products */;
			projectDirPath = "";
			projectRoot = "";
			targets = (
				3DDD181D1F7B53A400ADC124 /* GuoAnGSApp */,
			);
		};
/* End PBXProject section */

/* Begin PBXResourcesBuildPhase section */
		3DDD181C1F7B53A400ADC124 /* Resources */ = {
			isa = PBXResourcesBuildPhase;
			buildActionMask = 2147483647;
			files = (
				3D6CB2F91F959ABC00B326FC /* EPGRightTableViewCell.xib in Resources */,
				3DDD182E1F7B53A400ADC124 /* LaunchScreen.storyboard in Resources */,
				3D0E5C491FAAC22400CC8828 /* WeiShareController.xib in Resources */,
				3D1CFB6D1F9F23C400D88608 /* STBButtonView.xib in Resources */,
				3DAA7BC31FBD76E6005FB4EE /* ProcessImageController.xib in Resources */,
				3DA2E52F1FB4340A00BF51B3 /* HistoryCollectionReusableView.xib in Resources */,
				3D7CCD141F9499CF002D59A7 /* SetDetailsController.xib in Resources */,
				3DA35CDB1FF0CD1600C64620 /* AlipaySDK.bundle in Resources */,
				3DF04BA31FCE5DB8009C5D2A /* ZCZProgressBar.xib in Resources */,
				3D7CCD0F1F949895002D59A7 /* SetPasswordController.xib in Resources */,
				3DDD182B1F7B53A400ADC124 /* Assets.xcassets in Resources */,
				3D1CFB651F9F19FE00D88608 /* STBTopView.xib in Resources */,
				3DA7221A1FC3D4AE000DD9E3 /* FilterCollectionViewCell.xib in Resources */,
				3D7CCD0A1F9496CA002D59A7 /* BindPhoneNumberController.xib in Resources */,
				3D7CCD051F94931C002D59A7 /* ManualInputViewController.xib in Resources */,
				3DA35CF71FF4941000C64620 /* tableViewHeaderView.xib in Resources */,
				3DA2E52A1FB3F38100BF51B3 /* HistoryCollectionViewCell.xib in Resources */,
				3DB93C791F999D1200AA90B2 /* MembersTableViewCell.xib in Resources */,
				3DF409BC1FE8F618003BACE0 /* ZCZHeaderBar.xib in Resources */,
				3D2C70B71FAC108B00C662F5 /* ScreenShotController.xib in Resources */,
			);
			runOnlyForDeploymentPostprocessing = 0;
		};
/* End PBXResourcesBuildPhase section */

/* Begin PBXShellScriptBuildPhase section */
		71B0C28D3160C334B5344BBB /* [CP] Copy Pods Resources */ = {
			isa = PBXShellScriptBuildPhase;
			buildActionMask = 2147483647;
			files = (
			);
			inputPaths = (
				"${SRCROOT}/Pods/Target Support Files/Pods-GuoAnGSApp/Pods-GuoAnGSApp-resources.sh",
				"${PODS_ROOT}/GPUImage/framework/Resources/lookup.png",
				"${PODS_ROOT}/GPUImage/framework/Resources/lookup_amatorka.png",
				"${PODS_ROOT}/GPUImage/framework/Resources/lookup_miss_etikate.png",
				"${PODS_ROOT}/GPUImage/framework/Resources/lookup_soft_elegance_1.png",
				"${PODS_ROOT}/GPUImage/framework/Resources/lookup_soft_elegance_2.png",
				"${PODS_ROOT}/MJRefresh/MJRefresh/MJRefresh.bundle",
				"${PODS_ROOT}/TZImagePickerController/TZImagePickerController/TZImagePickerController/TZImagePickerController.bundle",
				"${PODS_ROOT}/UMengUShare/UShareSDK/UMSocialSDK/UMSocialSDKPromptResources.bundle",
				"${PODS_ROOT}/UMengUShare/UShareSDK/SocialLibraries/QQ/QQSDK/TencentOpenApi_IOS_Bundle.bundle",
				"${PODS_ROOT}/UMengUShare/UShareSDK/SocialLibraries/Sina/SinaSDK/WeiboSDK.bundle",
				"${PODS_ROOT}/UMengUShare/UShareSDK/UMSocialUI/UMSocialSDKResources.bundle",
			);
			name = "[CP] Copy Pods Resources";
			outputPaths = (
				"${TARGET_BUILD_DIR}/${UNLOCALIZED_RESOURCES_FOLDER_PATH}",
			);
			runOnlyForDeploymentPostprocessing = 0;
			shellPath = /bin/sh;
			shellScript = "\"${SRCROOT}/Pods/Target Support Files/Pods-GuoAnGSApp/Pods-GuoAnGSApp-resources.sh\"\n";
			showEnvVarsInLog = 0;
		};
		D00F636B0C45CC5EE7A76FA6 /* [CP] Embed Pods Frameworks */ = {
			isa = PBXShellScriptBuildPhase;
			buildActionMask = 2147483647;
			files = (
			);
			inputPaths = (
				"${SRCROOT}/Pods/Target Support Files/Pods-GuoAnGSApp/Pods-GuoAnGSApp-frameworks.sh",
				"${PODS_ROOT}/Hyphenate/ios_IM_Hyphenate_sdk_3.3.7/HyphenateFullSDK/Hyphenate.framework",
			);
			name = "[CP] Embed Pods Frameworks";
			outputPaths = (
				"${TARGET_BUILD_DIR}/${FRAMEWORKS_FOLDER_PATH}/Hyphenate.framework",
			);
			runOnlyForDeploymentPostprocessing = 0;
			shellPath = /bin/sh;
			shellScript = "\"${SRCROOT}/Pods/Target Support Files/Pods-GuoAnGSApp/Pods-GuoAnGSApp-frameworks.sh\"\n";
			showEnvVarsInLog = 0;
		};
		D704FFB14D37A039227DFC2C /* [CP] Check Pods Manifest.lock */ = {
			isa = PBXShellScriptBuildPhase;
			buildActionMask = 2147483647;
			files = (
			);
			inputPaths = (
				"${PODS_PODFILE_DIR_PATH}/Podfile.lock",
				"${PODS_ROOT}/Manifest.lock",
			);
			name = "[CP] Check Pods Manifest.lock";
			outputPaths = (
				"$(DERIVED_FILE_DIR)/Pods-GuoAnGSApp-checkManifestLockResult.txt",
			);
			runOnlyForDeploymentPostprocessing = 0;
			shellPath = /bin/sh;
			shellScript = "diff \"${PODS_PODFILE_DIR_PATH}/Podfile.lock\" \"${PODS_ROOT}/Manifest.lock\" > /dev/null\nif [ $? != 0 ] ; then\n    # print error to STDERR\n    echo \"error: The sandbox is not in sync with the Podfile.lock. Run 'pod install' or update your CocoaPods installation.\" >&2\n    exit 1\nfi\n# This output is used by Xcode 'outputs' to avoid re-running this script phase.\necho \"SUCCESS\" > \"${SCRIPT_OUTPUT_FILE_0}\"\n";
			showEnvVarsInLog = 0;
		};
/* End PBXShellScriptBuildPhase section */

/* Begin PBXSourcesBuildPhase section */
		3DDD181A1F7B53A400ADC124 /* Sources */ = {
			isa = PBXSourcesBuildPhase;
			buildActionMask = 2147483647;
			files = (
				3D6F8045200354FD00C08E73 /* area.plist in Sources */,
				3D8B12C71FB1A6C800473D79 /* SearchResultsTableViewCell.xib in Sources */,
				3D8B12C61FB160FE00473D79 /* SearchResultsTableViewCell.m in Sources */,
				3DF04B9C1FCE4F11009C5D2A /* ZCZMoviePlayerController.m in Sources */,
				3DAB4A921FE35E9F0038741C /* ZCZNavigationController.m in Sources */,
				3DBB21261F8F53DB008B1B87 /* LoadOnVC.xib in Sources */,
				3D1CFB601F9EEA1600D88608 /* GroupDetailsTableViewController.m in Sources */,
				3DBB21251F8F536A008B1B87 /* AlertStateView.xib in Sources */,
				3DAAD30A1F7B8C7E00C91E5C /* TabbarConfig.plist in Sources */,
				3DA7221D1FC665B2000DD9E3 /* BasicViewController.m in Sources */,
				3DA2E5291FB3F38100BF51B3 /* HistoryCollectionViewCell.m in Sources */,
				3D2C70B61FAC108B00C662F5 /* ScreenShotController.m in Sources */,
				3D0E5C481FAAC22400CC8828 /* WeiShareController.m in Sources */,
				3DF9B656200CA00600C8587D /* SetVC.m in Sources */,
				3DAAD3071F7B76FC00C91E5C /* Reachability.m in Sources */,
				3DB8D9F91F94583A0076B7D3 /* QRScanViewController.m in Sources */,
				3DF409BA1FE8F5F7003BACE0 /* ZCZHeaderBar.m in Sources */,
				3DA35CF51FF493EE00C64620 /* tableViewHeaderView.m in Sources */,
				3D1CFB681F9F1F4900D88608 /* STBButtonView.m in Sources */,
				3D6CB2F81F959ABB00B326FC /* EPGRightTableViewCell.m in Sources */,
				3DF9B65C200CA07300C8587D /* My_ReuseCllTableViewCell.m in Sources */,
				3D0E5C4C1FAAFA7E00CC8828 /* ChoosePhotoController.m in Sources */,
				3D2C05281F99D41100AAE921 /* SettingTableViewController.m in Sources */,
				3D1CFB631F9F19E500D88608 /* STBTopView.m in Sources */,
				3D6F80482005C44B00C08E73 /* ZCZTipsView.m in Sources */,
				3DB93C6E1F98836700AA90B2 /* HeaderCell.m in Sources */,
				3DA722191FC3D4AE000DD9E3 /* FilterCollectionViewCell.m in Sources */,
				3DF04BA61FCE7D3A009C5D2A /* ZCZSlider.m in Sources */,
				3DB8D9FA1F94583A0076B7D3 /* UIView+QREasyFrame.m in Sources */,
				3D7CCD081F9496B1002D59A7 /* BindPhoneNumberController.m in Sources */,
				3DAAD2FA1F7B76D200C91E5C /* AddressCell.m in Sources */,
				3D8B12C21FB035DD00473D79 /* SearchController.m in Sources */,
				3DAAD2FC1F7B76D200C91E5C /* AlertStateView.m in Sources */,
				3DAF61B71F909D9B00BFA888 /* LoadOnVC.m in Sources */,
				3DAAD2FD1F7B76D200C91E5C /* AreaObject.m in Sources */,
				3DAAD2FE1F7B76D200C91E5C /* CSReachability.m in Sources */,
				3D6F80442003193E00C08E73 /* ZCZPickView.m in Sources */,
				3DAAD2FF1F7B76D200C91E5C /* CustomTextField.m in Sources */,
				3DAA7BC21FBD76E6005FB4EE /* ProcessImageController.m in Sources */,
				3D7CCD131F9499CF002D59A7 /* SetDetailsController.m in Sources */,
				3DAAD3011F7B76D200C91E5C /* LoadReturnModel.m in Sources */,
				3DA722141FC3D0DA000DD9E3 /* FiltersController.m in Sources */,
				3D7CCD0E1F949895002D59A7 /* SetPasswordController.m in Sources */,
				3DF04BA11FCE5DA5009C5D2A /* ZCZProgressBar.m in Sources */,
				3DF04BAD1FCFD594009C5D2A /* UIView+Frame.m in Sources */,
				3D7CCCFE1F948BB0002D59A7 /* HelpViewController.m in Sources */,
				3DB93C711F98859000AA90B2 /* CommonTableViewCell.m in Sources */,
				3DAAD3021F7B76D200C91E5C /* LYNetworkManager.m in Sources */,
				3DAAD3041F7B76D200C91E5C /* ReturnModel.m in Sources */,
				3DAAD3051F7B76D200C91E5C /* SingleColor.m in Sources */,
				3DAAD2F91F7B75FF00C91E5C /* CommonCtr.m in Sources */,
				3DF9B659200CA03000C8587D /* NSString+calculate.m in Sources */,
				3DAAD2F81F7B75F100C91E5C /* MyTabbarViewController.m in Sources */,
				3DE2149D1F7B70B80076FCD6 /* LiveController.m in Sources */,
				3DE214A01F7B70C60076FCD6 /* VODController.m in Sources */,
				3DB93C741F99964C00AA90B2 /* FamilyMembersController.m in Sources */,
				3DDD18311F7B53A400ADC124 /* main.m in Sources */,
				3DDD18231F7B53A400ADC124 /* AppDelegate.m in Sources */,
				3DB93C6B1F974CC700AA90B2 /* ChatGroupController.m in Sources */,
				3D7CCD021F949233002D59A7 /* ManualInputViewController.m in Sources */,
				3DE2149A1F7B70A90076FCD6 /* MyAppController.m in Sources */,
				3DB93C781F999D1200AA90B2 /* MembersTableViewCell.m in Sources */,
				3DA2E52E1FB4340A00BF51B3 /* HistoryCollectionReusableView.m in Sources */,
				3D353DD01FB56AC500B33A0B /* ZCZLabel.m in Sources */,
				3DE214971F7B70850076FCD6 /* CenterViewController.m in Sources */,
				3DE214A61F7B70DE0076FCD6 /* MyBoxController.m in Sources */,
				3DE214A31F7B70D10076FCD6 /* MyController.m in Sources */,
			);
			runOnlyForDeploymentPostprocessing = 0;
		};
/* End PBXSourcesBuildPhase section */

/* Begin PBXVariantGroup section */
		3DDD182C1F7B53A400ADC124 /* LaunchScreen.storyboard */ = {
			isa = PBXVariantGroup;
			children = (
				3DDD182D1F7B53A400ADC124 /* Base */,
			);
			name = LaunchScreen.storyboard;
			sourceTree = "<group>";
		};
/* End PBXVariantGroup section */

/* Begin XCBuildConfiguration section */
		3DDD18321F7B53A400ADC124 /* Debug */ = {
			isa = XCBuildConfiguration;
			buildSettings = {
				ALWAYS_SEARCH_USER_PATHS = NO;
				CLANG_ANALYZER_NONNULL = YES;
				CLANG_ANALYZER_NUMBER_OBJECT_CONVERSION = YES_AGGRESSIVE;
				CLANG_CXX_LANGUAGE_STANDARD = "gnu++14";
				CLANG_CXX_LIBRARY = "libc++";
				CLANG_ENABLE_MODULES = YES;
				CLANG_ENABLE_OBJC_ARC = YES;
				CLANG_WARN_BLOCK_CAPTURE_AUTORELEASING = YES;
				CLANG_WARN_BOOL_CONVERSION = YES;
				CLANG_WARN_COMMA = YES;
				CLANG_WARN_CONSTANT_CONVERSION = YES;
				CLANG_WARN_DIRECT_OBJC_ISA_USAGE = YES_ERROR;
				CLANG_WARN_DOCUMENTATION_COMMENTS = YES;
				CLANG_WARN_EMPTY_BODY = YES;
				CLANG_WARN_ENUM_CONVERSION = YES;
				CLANG_WARN_INFINITE_RECURSION = YES;
				CLANG_WARN_INT_CONVERSION = YES;
				CLANG_WARN_NON_LITERAL_NULL_CONVERSION = YES;
				CLANG_WARN_OBJC_LITERAL_CONVERSION = YES;
				CLANG_WARN_OBJC_ROOT_CLASS = YES_ERROR;
				CLANG_WARN_RANGE_LOOP_ANALYSIS = YES;
				CLANG_WARN_STRICT_PROTOTYPES = YES;
				CLANG_WARN_SUSPICIOUS_MOVE = YES;
				CLANG_WARN_UNGUARDED_AVAILABILITY = YES_AGGRESSIVE;
				CLANG_WARN_UNREACHABLE_CODE = YES;
				CLANG_WARN__DUPLICATE_METHOD_MATCH = YES;
				CODE_SIGN_IDENTITY = "iPhone Developer";
				COPY_PHASE_STRIP = NO;
				DEBUG_INFORMATION_FORMAT = dwarf;
				ENABLE_STRICT_OBJC_MSGSEND = YES;
				ENABLE_TESTABILITY = YES;
				GCC_C_LANGUAGE_STANDARD = gnu11;
				GCC_DYNAMIC_NO_PIC = NO;
				GCC_NO_COMMON_BLOCKS = YES;
				GCC_OPTIMIZATION_LEVEL = 0;
				GCC_PREPROCESSOR_DEFINITIONS = (
					"DEBUG=1",
					"$(inherited)",
				);
				GCC_WARN_64_TO_32_BIT_CONVERSION = YES;
				GCC_WARN_ABOUT_RETURN_TYPE = YES_ERROR;
				GCC_WARN_UNDECLARED_SELECTOR = YES;
				GCC_WARN_UNINITIALIZED_AUTOS = YES_AGGRESSIVE;
				GCC_WARN_UNUSED_FUNCTION = YES;
				GCC_WARN_UNUSED_VARIABLE = YES;
				IPHONEOS_DEPLOYMENT_TARGET = 10.0;
				MTL_ENABLE_DEBUG_INFO = YES;
				ONLY_ACTIVE_ARCH = YES;
				SDKROOT = iphoneos;
			};
			name = Debug;
		};
		3DDD18331F7B53A400ADC124 /* Release */ = {
			isa = XCBuildConfiguration;
			buildSettings = {
				ALWAYS_SEARCH_USER_PATHS = NO;
				CLANG_ANALYZER_NONNULL = YES;
				CLANG_ANALYZER_NUMBER_OBJECT_CONVERSION = YES_AGGRESSIVE;
				CLANG_CXX_LANGUAGE_STANDARD = "gnu++14";
				CLANG_CXX_LIBRARY = "libc++";
				CLANG_ENABLE_MODULES = YES;
				CLANG_ENABLE_OBJC_ARC = YES;
				CLANG_WARN_BLOCK_CAPTURE_AUTORELEASING = YES;
				CLANG_WARN_BOOL_CONVERSION = YES;
				CLANG_WARN_COMMA = YES;
				CLANG_WARN_CONSTANT_CONVERSION = YES;
				CLANG_WARN_DIRECT_OBJC_ISA_USAGE = YES_ERROR;
				CLANG_WARN_DOCUMENTATION_COMMENTS = YES;
				CLANG_WARN_EMPTY_BODY = YES;
				CLANG_WARN_ENUM_CONVERSION = YES;
				CLANG_WARN_INFINITE_RECURSION = YES;
				CLANG_WARN_INT_CONVERSION = YES;
				CLANG_WARN_NON_LITERAL_NULL_CONVERSION = YES;
				CLANG_WARN_OBJC_LITERAL_CONVERSION = YES;
				CLANG_WARN_OBJC_ROOT_CLASS = YES_ERROR;
				CLANG_WARN_RANGE_LOOP_ANALYSIS = YES;
				CLANG_WARN_STRICT_PROTOTYPES = YES;
				CLANG_WARN_SUSPICIOUS_MOVE = YES;
				CLANG_WARN_UNGUARDED_AVAILABILITY = YES_AGGRESSIVE;
				CLANG_WARN_UNREACHABLE_CODE = YES;
				CLANG_WARN__DUPLICATE_METHOD_MATCH = YES;
				CODE_SIGN_IDENTITY = "iPhone Developer";
				COPY_PHASE_STRIP = NO;
				DEBUG_INFORMATION_FORMAT = "dwarf-with-dsym";
				ENABLE_NS_ASSERTIONS = NO;
				ENABLE_STRICT_OBJC_MSGSEND = YES;
				GCC_C_LANGUAGE_STANDARD = gnu11;
				GCC_NO_COMMON_BLOCKS = YES;
				GCC_WARN_64_TO_32_BIT_CONVERSION = YES;
				GCC_WARN_ABOUT_RETURN_TYPE = YES_ERROR;
				GCC_WARN_UNDECLARED_SELECTOR = YES;
				GCC_WARN_UNINITIALIZED_AUTOS = YES_AGGRESSIVE;
				GCC_WARN_UNUSED_FUNCTION = YES;
				GCC_WARN_UNUSED_VARIABLE = YES;
				IPHONEOS_DEPLOYMENT_TARGET = 10.0;
				MTL_ENABLE_DEBUG_INFO = NO;
				SDKROOT = iphoneos;
				VALIDATE_PRODUCT = YES;
			};
			name = Release;
		};
		3DDD18351F7B53A400ADC124 /* Debug */ = {
			isa = XCBuildConfiguration;
			baseConfigurationReference = DD23D2332ED4C04FEE58E36C /* Pods-GuoAnGSApp.debug.xcconfig */;
			buildSettings = {
				ASSETCATALOG_COMPILER_APPICON_NAME = AppIcon;
				CODE_SIGN_ENTITLEMENTS = GuoAnGSApp/GuoAnGSApp.entitlements;
				CODE_SIGN_STYLE = Automatic;
				DEVELOPMENT_TEAM = 233N4L3WD9;
				FRAMEWORK_SEARCH_PATHS = (
					"$(inherited)",
					"$(PROJECT_DIR)/GuoAnGSApp/Other/ThirdLib/Alipay",
				);
				INFOPLIST_FILE = /Users/rgx/Desktop/GAGSAppzhengshi/GuoAnGSApp/Other/Info.plist;
				LD_RUNPATH_SEARCH_PATHS = "$(inherited) @executable_path/Frameworks";
				PRODUCT_BUNDLE_IDENTIFIER = beiyou.GuoAnGuangShiAppTest;
				PRODUCT_NAME = "$(TARGET_NAME)";
				TARGETED_DEVICE_FAMILY = "1,2";
			};
			name = Debug;
		};
		3DDD18361F7B53A400ADC124 /* Release */ = {
			isa = XCBuildConfiguration;
			baseConfigurationReference = 05E19051C8CF18A421A0503A /* Pods-GuoAnGSApp.release.xcconfig */;
			buildSettings = {
				ASSETCATALOG_COMPILER_APPICON_NAME = AppIcon;
				CODE_SIGN_ENTITLEMENTS = GuoAnGSApp/GuoAnGSApp.entitlements;
				CODE_SIGN_STYLE = Automatic;
				DEVELOPMENT_TEAM = 233N4L3WD9;
				FRAMEWORK_SEARCH_PATHS = (
					"$(inherited)",
					"$(PROJECT_DIR)/GuoAnGSApp/Other/ThirdLib/Alipay",
				);
				INFOPLIST_FILE = /Users/rgx/Desktop/GAGSAppzhengshi/GuoAnGSApp/Other/Info.plist;
				LD_RUNPATH_SEARCH_PATHS = "$(inherited) @executable_path/Frameworks";
				PRODUCT_BUNDLE_IDENTIFIER = beiyou.GuoAnGuangShiAppTest;
				PRODUCT_NAME = "$(TARGET_NAME)";
				TARGETED_DEVICE_FAMILY = "1,2";
			};
			name = Release;
		};
/* End XCBuildConfiguration section */

/* Begin XCConfigurationList section */
		3DDD18191F7B53A400ADC124 /* Build configuration list for PBXProject "GuoAnGSApp" */ = {
			isa = XCConfigurationList;
			buildConfigurations = (
				3DDD18321F7B53A400ADC124 /* Debug */,
				3DDD18331F7B53A400ADC124 /* Release */,
			);
			defaultConfigurationIsVisible = 0;
			defaultConfigurationName = Release;
		};
		3DDD18341F7B53A400ADC124 /* Build configuration list for PBXNativeTarget "GuoAnGSApp" */ = {
			isa = XCConfigurationList;
			buildConfigurations = (
				3DDD18351F7B53A400ADC124 /* Debug */,
				3DDD18361F7B53A400ADC124 /* Release */,
			);
			defaultConfigurationIsVisible = 0;
			defaultConfigurationName = Release;
		};
/* End XCConfigurationList section */
	};
	rootObject = 3DDD18161F7B53A400ADC124 /* Project object */;
}
